// !$*UTF8*$!
{
	archiveVersion = 1;
	classes = {
	};
	objectVersion = 46;
	objects = {

/* Begin PBXBuildFile section */
		1B6F8D7C1E1BC9A1E3A741BD /* urg_debug.c in Sources */ = {isa = PBXBuildFile; fileRef = AEB5B6C7EC0221E06E854B71 /* urg_debug.c */; };
		1CD33E884D9E3358252E82A1 /* ofxToggle.cpp in Sources */ = {isa = PBXBuildFile; fileRef = 907C5B5E104864A2D3A25745 /* ofxToggle.cpp */; };
		20A5A745CA2D84C86E037F5D /* urg_connection.c in Sources */ = {isa = PBXBuildFile; fileRef = E371A0EFB21319938E7BA6CD /* urg_connection.c */; };
		4530C78B32270BB034D30449 /* urg_utils.c in Sources */ = {isa = PBXBuildFile; fileRef = CAFB58020AF7F07AB0C56D74 /* urg_utils.c */; };
		483908258D00B98B4BE69F07 /* ofxLabel.cpp in Sources */ = {isa = PBXBuildFile; fileRef = 78D67A00EB899FAC09430597 /* ofxLabel.cpp */; };
		493CC0B9808962FEF69E821D /* urg_tcpclient.c in Sources */ = {isa = PBXBuildFile; fileRef = 23D2D01E0BD6C10D040EC79E /* urg_tcpclient.c */; };
		5CBB2AB3A60F65431D7B555D /* ofxButton.cpp in Sources */ = {isa = PBXBuildFile; fileRef = C88333E71C9457E441C33474 /* ofxButton.cpp */; };
		6EDBF2A81BEE0E8600049290 /* particle.cpp in Sources */ = {isa = PBXBuildFile; fileRef = 6EDBF2A61BEE0E8600049290 /* particle.cpp */; };
		6EDBF2AE1BEEE29B00049290 /* urg.cpp in Sources */ = {isa = PBXBuildFile; fileRef = 6EDBF2AC1BEEE29B00049290 /* urg.cpp */; };
		6EFAAC2A1C0744BF00E7688E /* b2BroadPhase.cpp in Sources */ = {isa = PBXBuildFile; fileRef = 6EFAAB831C0744BF00E7688E /* b2BroadPhase.cpp */; };
		6EFAAC2B1C0744BF00E7688E /* b2CollideCircle.cpp in Sources */ = {isa = PBXBuildFile; fileRef = 6EFAAB851C0744BF00E7688E /* b2CollideCircle.cpp */; };
		6EFAAC2C1C0744BF00E7688E /* b2CollideEdge.cpp in Sources */ = {isa = PBXBuildFile; fileRef = 6EFAAB861C0744BF00E7688E /* b2CollideEdge.cpp */; };
		6EFAAC2D1C0744BF00E7688E /* b2CollidePolygon.cpp in Sources */ = {isa = PBXBuildFile; fileRef = 6EFAAB871C0744BF00E7688E /* b2CollidePolygon.cpp */; };
		6EFAAC2E1C0744BF00E7688E /* b2Collision.cpp in Sources */ = {isa = PBXBuildFile; fileRef = 6EFAAB881C0744BF00E7688E /* b2Collision.cpp */; };
		6EFAAC2F1C0744BF00E7688E /* b2Distance.cpp in Sources */ = {isa = PBXBuildFile; fileRef = 6EFAAB8A1C0744BF00E7688E /* b2Distance.cpp */; };
		6EFAAC301C0744BF00E7688E /* b2DynamicTree.cpp in Sources */ = {isa = PBXBuildFile; fileRef = 6EFAAB8C1C0744BF00E7688E /* b2DynamicTree.cpp */; };
		6EFAAC311C0744BF00E7688E /* b2TimeOfImpact.cpp in Sources */ = {isa = PBXBuildFile; fileRef = 6EFAAB8E1C0744BF00E7688E /* b2TimeOfImpact.cpp */; };
		6EFAAC321C0744BF00E7688E /* b2ChainShape.cpp in Sources */ = {isa = PBXBuildFile; fileRef = 6EFAAB911C0744BF00E7688E /* b2ChainShape.cpp */; };
		6EFAAC331C0744BF00E7688E /* b2CircleShape.cpp in Sources */ = {isa = PBXBuildFile; fileRef = 6EFAAB931C0744BF00E7688E /* b2CircleShape.cpp */; };
		6EFAAC341C0744BF00E7688E /* b2EdgeShape.cpp in Sources */ = {isa = PBXBuildFile; fileRef = 6EFAAB951C0744BF00E7688E /* b2EdgeShape.cpp */; };
		6EFAAC351C0744BF00E7688E /* b2PolygonShape.cpp in Sources */ = {isa = PBXBuildFile; fileRef = 6EFAAB971C0744BF00E7688E /* b2PolygonShape.cpp */; };
		6EFAAC361C0744BF00E7688E /* b2BlockAllocator.cpp in Sources */ = {isa = PBXBuildFile; fileRef = 6EFAAB9B1C0744BF00E7688E /* b2BlockAllocator.cpp */; };
		6EFAAC371C0744BF00E7688E /* b2Draw.cpp in Sources */ = {isa = PBXBuildFile; fileRef = 6EFAAB9D1C0744BF00E7688E /* b2Draw.cpp */; };
		6EFAAC381C0744BF00E7688E /* b2Math.cpp in Sources */ = {isa = PBXBuildFile; fileRef = 6EFAABA01C0744BF00E7688E /* b2Math.cpp */; };
		6EFAAC391C0744BF00E7688E /* b2Settings.cpp in Sources */ = {isa = PBXBuildFile; fileRef = 6EFAABA21C0744BF00E7688E /* b2Settings.cpp */; };
		6EFAAC3A1C0744BF00E7688E /* b2StackAllocator.cpp in Sources */ = {isa = PBXBuildFile; fileRef = 6EFAABA41C0744BF00E7688E /* b2StackAllocator.cpp */; };
		6EFAAC3B1C0744BF00E7688E /* b2Timer.cpp in Sources */ = {isa = PBXBuildFile; fileRef = 6EFAABA61C0744BF00E7688E /* b2Timer.cpp */; };
		6EFAAC3C1C0744BF00E7688E /* b2Body.cpp in Sources */ = {isa = PBXBuildFile; fileRef = 6EFAABA91C0744BF00E7688E /* b2Body.cpp */; };
		6EFAAC3D1C0744BF00E7688E /* b2ContactManager.cpp in Sources */ = {isa = PBXBuildFile; fileRef = 6EFAABAB1C0744BF00E7688E /* b2ContactManager.cpp */; };
		6EFAAC3E1C0744BF00E7688E /* b2Fixture.cpp in Sources */ = {isa = PBXBuildFile; fileRef = 6EFAABAD1C0744BF00E7688E /* b2Fixture.cpp */; };
		6EFAAC3F1C0744BF00E7688E /* b2Island.cpp in Sources */ = {isa = PBXBuildFile; fileRef = 6EFAABAF1C0744BF00E7688E /* b2Island.cpp */; };
		6EFAAC401C0744BF00E7688E /* b2World.cpp in Sources */ = {isa = PBXBuildFile; fileRef = 6EFAABB21C0744BF00E7688E /* b2World.cpp */; };
		6EFAAC411C0744BF00E7688E /* b2WorldCallbacks.cpp in Sources */ = {isa = PBXBuildFile; fileRef = 6EFAABB41C0744BF00E7688E /* b2WorldCallbacks.cpp */; };
		6EFAAC421C0744BF00E7688E /* b2ChainAndCircleContact.cpp in Sources */ = {isa = PBXBuildFile; fileRef = 6EFAABB71C0744BF00E7688E /* b2ChainAndCircleContact.cpp */; };
		6EFAAC431C0744BF00E7688E /* b2ChainAndPolygonContact.cpp in Sources */ = {isa = PBXBuildFile; fileRef = 6EFAABB91C0744BF00E7688E /* b2ChainAndPolygonContact.cpp */; };
		6EFAAC441C0744BF00E7688E /* b2CircleContact.cpp in Sources */ = {isa = PBXBuildFile; fileRef = 6EFAABBB1C0744BF00E7688E /* b2CircleContact.cpp */; };
		6EFAAC451C0744BF00E7688E /* b2Contact.cpp in Sources */ = {isa = PBXBuildFile; fileRef = 6EFAABBD1C0744BF00E7688E /* b2Contact.cpp */; };
		6EFAAC461C0744BF00E7688E /* b2ContactSolver.cpp in Sources */ = {isa = PBXBuildFile; fileRef = 6EFAABBF1C0744BF00E7688E /* b2ContactSolver.cpp */; };
		6EFAAC471C0744BF00E7688E /* b2EdgeAndCircleContact.cpp in Sources */ = {isa = PBXBuildFile; fileRef = 6EFAABC11C0744BF00E7688E /* b2EdgeAndCircleContact.cpp */; };
		6EFAAC481C0744BF00E7688E /* b2EdgeAndPolygonContact.cpp in Sources */ = {isa = PBXBuildFile; fileRef = 6EFAABC31C0744BF00E7688E /* b2EdgeAndPolygonContact.cpp */; };
		6EFAAC491C0744BF00E7688E /* b2PolygonAndCircleContact.cpp in Sources */ = {isa = PBXBuildFile; fileRef = 6EFAABC51C0744BF00E7688E /* b2PolygonAndCircleContact.cpp */; };
		6EFAAC4A1C0744BF00E7688E /* b2PolygonContact.cpp in Sources */ = {isa = PBXBuildFile; fileRef = 6EFAABC71C0744BF00E7688E /* b2PolygonContact.cpp */; };
		6EFAAC4B1C0744BF00E7688E /* b2DistanceJoint.cpp in Sources */ = {isa = PBXBuildFile; fileRef = 6EFAABCA1C0744BF00E7688E /* b2DistanceJoint.cpp */; };
		6EFAAC4C1C0744BF00E7688E /* b2FrictionJoint.cpp in Sources */ = {isa = PBXBuildFile; fileRef = 6EFAABCC1C0744BF00E7688E /* b2FrictionJoint.cpp */; };
		6EFAAC4D1C0744BF00E7688E /* b2GearJoint.cpp in Sources */ = {isa = PBXBuildFile; fileRef = 6EFAABCE1C0744BF00E7688E /* b2GearJoint.cpp */; };
		6EFAAC4E1C0744BF00E7688E /* b2Joint.cpp in Sources */ = {isa = PBXBuildFile; fileRef = 6EFAABD01C0744BF00E7688E /* b2Joint.cpp */; };
		6EFAAC4F1C0744BF00E7688E /* b2MotorJoint.cpp in Sources */ = {isa = PBXBuildFile; fileRef = 6EFAABD21C0744BF00E7688E /* b2MotorJoint.cpp */; };
		6EFAAC501C0744BF00E7688E /* b2MouseJoint.cpp in Sources */ = {isa = PBXBuildFile; fileRef = 6EFAABD41C0744BF00E7688E /* b2MouseJoint.cpp */; };
		6EFAAC511C0744BF00E7688E /* b2PrismaticJoint.cpp in Sources */ = {isa = PBXBuildFile; fileRef = 6EFAABD61C0744BF00E7688E /* b2PrismaticJoint.cpp */; };
		6EFAAC521C0744BF00E7688E /* b2PulleyJoint.cpp in Sources */ = {isa = PBXBuildFile; fileRef = 6EFAABD81C0744BF00E7688E /* b2PulleyJoint.cpp */; };
		6EFAAC531C0744BF00E7688E /* b2RevoluteJoint.cpp in Sources */ = {isa = PBXBuildFile; fileRef = 6EFAABDA1C0744BF00E7688E /* b2RevoluteJoint.cpp */; };
		6EFAAC541C0744BF00E7688E /* b2RopeJoint.cpp in Sources */ = {isa = PBXBuildFile; fileRef = 6EFAABDC1C0744BF00E7688E /* b2RopeJoint.cpp */; };
		6EFAAC551C0744BF00E7688E /* b2WeldJoint.cpp in Sources */ = {isa = PBXBuildFile; fileRef = 6EFAABDE1C0744BF00E7688E /* b2WeldJoint.cpp */; };
		6EFAAC561C0744BF00E7688E /* b2WheelJoint.cpp in Sources */ = {isa = PBXBuildFile; fileRef = 6EFAABE01C0744BF00E7688E /* b2WheelJoint.cpp */; };
		6EFAAC571C0744BF00E7688E /* b2Rope.cpp in Sources */ = {isa = PBXBuildFile; fileRef = 6EFAABE31C0744BF00E7688E /* b2Rope.cpp */; };
		6EFAAC581C0744BF00E7688E /* del_impl.cpp in Sources */ = {isa = PBXBuildFile; fileRef = 6EFAABE71C0744BF00E7688E /* del_impl.cpp */; };
		6EFAAC591C0744BF00E7688E /* README.md in Sources */ = {isa = PBXBuildFile; fileRef = 6EFAABEE1C0744BF00E7688E /* README.md */; };
		6EFAAC5A1C0744BF00E7688E /* ofxBox2d.cpp in Sources */ = {isa = PBXBuildFile; fileRef = 6EFAABF01C0744BF00E7688E /* ofxBox2d.cpp */; };
		6EFAAC5B1C0744BF00E7688E /* ofxBox2dBaseShape.cpp in Sources */ = {isa = PBXBuildFile; fileRef = 6EFAABF21C0744BF00E7688E /* ofxBox2dBaseShape.cpp */; };
		6EFAAC5C1C0744BF00E7688E /* ofxBox2dCircle.cpp in Sources */ = {isa = PBXBuildFile; fileRef = 6EFAABF41C0744BF00E7688E /* ofxBox2dCircle.cpp */; };
		6EFAAC5D1C0744BF00E7688E /* ofxBox2dConvexPoly.cpp in Sources */ = {isa = PBXBuildFile; fileRef = 6EFAABF71C0744BF00E7688E /* ofxBox2dConvexPoly.cpp */; };
		6EFAAC5E1C0744BF00E7688E /* ofxBox2dEdge.cpp in Sources */ = {isa = PBXBuildFile; fileRef = 6EFAABF91C0744BF00E7688E /* ofxBox2dEdge.cpp */; };
		6EFAAC5F1C0744BF00E7688E /* ofxBox2dJoint.cpp in Sources */ = {isa = PBXBuildFile; fileRef = 6EFAABFB1C0744BF00E7688E /* ofxBox2dJoint.cpp */; };
		6EFAAC601C0744BF00E7688E /* ofxBox2dPolygon.cpp in Sources */ = {isa = PBXBuildFile; fileRef = 6EFAABFD1C0744BF00E7688E /* ofxBox2dPolygon.cpp */; };
		6EFAAC611C0744BF00E7688E /* ofxBox2dRect.cpp in Sources */ = {isa = PBXBuildFile; fileRef = 6EFAAC001C0744BF00E7688E /* ofxBox2dRect.cpp */; };
		70B5DB1E7A98020F3F3349A2 /* Urg_driver.cpp in Sources */ = {isa = PBXBuildFile; fileRef = C9C7DFDBE33358395A1FC714 /* Urg_driver.cpp */; };
		7469AB3AA235B3F315403315 /* urg_serial.c in Sources */ = {isa = PBXBuildFile; fileRef = 9B7309DF6C97DC940F74B9B8 /* urg_serial.c */; };
		752026AAFC25FBCD17DBC22F /* ticks.cpp in Sources */ = {isa = PBXBuildFile; fileRef = 87FD956C40B7BB133199D01C /* ticks.cpp */; };
		837220E80EB56CD44AD27F2A /* ofxSlider.cpp in Sources */ = {isa = PBXBuildFile; fileRef = 15F2C6477A769C03A56D1401 /* ofxSlider.cpp */; };
		856AA354D08AB4B323081444 /* ofxBaseGui.cpp in Sources */ = {isa = PBXBuildFile; fileRef = 9604B925D32EE39065747725 /* ofxBaseGui.cpp */; };
		9194271E68C7F705E6678E20 /* urg_sensor.c in Sources */ = {isa = PBXBuildFile; fileRef = DC3B69D4B7EA24DE72D8CC4E /* urg_sensor.c */; };
		B266578FC55D23BFEBC042E7 /* ofxGuiGroup.cpp in Sources */ = {isa = PBXBuildFile; fileRef = ECF8674C7975F1063C5E30CA /* ofxGuiGroup.cpp */; };
		B56FE57CC35806596D38118C /* ofxSliderGroup.cpp in Sources */ = {isa = PBXBuildFile; fileRef = 802251BAF1B35B1D67B32FD0 /* ofxSliderGroup.cpp */; };
		BBAB23CB13894F3D00AA2426 /* GLUT.framework in CopyFiles */ = {isa = PBXBuildFile; fileRef = BBAB23BE13894E4700AA2426 /* GLUT.framework */; };
		CE4FEF9459C9738DD0A74178 /* urg_serial_utils.c in Sources */ = {isa = PBXBuildFile; fileRef = 69544655D52AB4F96506368B /* urg_serial_utils.c */; };
		E4328149138ABC9F0047C5CB /* openFrameworksDebug.a in Frameworks */ = {isa = PBXBuildFile; fileRef = E4328148138ABC890047C5CB /* openFrameworksDebug.a */; };
		E45BE97B0E8CC7DD009D7055 /* AGL.framework in Frameworks */ = {isa = PBXBuildFile; fileRef = E45BE9710E8CC7DD009D7055 /* AGL.framework */; };
		E45BE97C0E8CC7DD009D7055 /* ApplicationServices.framework in Frameworks */ = {isa = PBXBuildFile; fileRef = E45BE9720E8CC7DD009D7055 /* ApplicationServices.framework */; };
		E45BE97D0E8CC7DD009D7055 /* AudioToolbox.framework in Frameworks */ = {isa = PBXBuildFile; fileRef = E45BE9730E8CC7DD009D7055 /* AudioToolbox.framework */; };
		E45BE97F0E8CC7DD009D7055 /* CoreAudio.framework in Frameworks */ = {isa = PBXBuildFile; fileRef = E45BE9750E8CC7DD009D7055 /* CoreAudio.framework */; };
		E45BE9800E8CC7DD009D7055 /* CoreFoundation.framework in Frameworks */ = {isa = PBXBuildFile; fileRef = E45BE9760E8CC7DD009D7055 /* CoreFoundation.framework */; };
		E45BE9810E8CC7DD009D7055 /* CoreServices.framework in Frameworks */ = {isa = PBXBuildFile; fileRef = E45BE9770E8CC7DD009D7055 /* CoreServices.framework */; };
		E45BE9830E8CC7DD009D7055 /* OpenGL.framework in Frameworks */ = {isa = PBXBuildFile; fileRef = E45BE9790E8CC7DD009D7055 /* OpenGL.framework */; };
		E45BE9840E8CC7DD009D7055 /* QuickTime.framework in Frameworks */ = {isa = PBXBuildFile; fileRef = E45BE97A0E8CC7DD009D7055 /* QuickTime.framework */; };
		E4B69E200A3A1BDC003C02F2 /* main.cpp in Sources */ = {isa = PBXBuildFile; fileRef = E4B69E1D0A3A1BDC003C02F2 /* main.cpp */; };
		E4B69E210A3A1BDC003C02F2 /* ofApp.cpp in Sources */ = {isa = PBXBuildFile; fileRef = E4B69E1E0A3A1BDC003C02F2 /* ofApp.cpp */; };
		E4C2424710CC5A17004149E2 /* AppKit.framework in Frameworks */ = {isa = PBXBuildFile; fileRef = E4C2424410CC5A17004149E2 /* AppKit.framework */; };
		E4C2424810CC5A17004149E2 /* Cocoa.framework in Frameworks */ = {isa = PBXBuildFile; fileRef = E4C2424510CC5A17004149E2 /* Cocoa.framework */; };
		E4C2424910CC5A17004149E2 /* IOKit.framework in Frameworks */ = {isa = PBXBuildFile; fileRef = E4C2424610CC5A17004149E2 /* IOKit.framework */; };
		E4EB6799138ADC1D00A09F29 /* GLUT.framework in Frameworks */ = {isa = PBXBuildFile; fileRef = BBAB23BE13894E4700AA2426 /* GLUT.framework */; };
		E7E077E515D3B63C0020DFD4 /* CoreVideo.framework in Frameworks */ = {isa = PBXBuildFile; fileRef = E7E077E415D3B63C0020DFD4 /* CoreVideo.framework */; };
		E7E077E815D3B6510020DFD4 /* QTKit.framework in Frameworks */ = {isa = PBXBuildFile; fileRef = E7E077E715D3B6510020DFD4 /* QTKit.framework */; };
		E7F985F815E0DEA3003869B5 /* Accelerate.framework in Frameworks */ = {isa = PBXBuildFile; fileRef = E7F985F515E0DE99003869B5 /* Accelerate.framework */; };
		F285EB3169F1566CA3D93C20 /* ofxPanel.cpp in Sources */ = {isa = PBXBuildFile; fileRef = E112B3AEBEA2C091BF2B40AE /* ofxPanel.cpp */; };
		FC93BFA048572C85A51226CD /* urg_ring_buffer.c in Sources */ = {isa = PBXBuildFile; fileRef = 5D6EBDBF1C3C4D703EF2092F /* urg_ring_buffer.c */; };
/* End PBXBuildFile section */

/* Begin PBXContainerItemProxy section */
		E4328147138ABC890047C5CB /* PBXContainerItemProxy */ = {
			isa = PBXContainerItemProxy;
			containerPortal = E4328143138ABC890047C5CB /* openFrameworksLib.xcodeproj */;
			proxyType = 2;
			remoteGlobalIDString = E4B27C1510CBEB8E00536013;
			remoteInfo = openFrameworks;
		};
		E4EEB9AB138B136A00A80321 /* PBXContainerItemProxy */ = {
			isa = PBXContainerItemProxy;
			containerPortal = E4328143138ABC890047C5CB /* openFrameworksLib.xcodeproj */;
			proxyType = 1;
			remoteGlobalIDString = E4B27C1410CBEB8E00536013;
			remoteInfo = openFrameworks;
		};
/* End PBXContainerItemProxy section */

/* Begin PBXCopyFilesBuildPhase section */
		E4C2427710CC5ABF004149E2 /* CopyFiles */ = {
			isa = PBXCopyFilesBuildPhase;
			buildActionMask = 2147483647;
			dstPath = "";
			dstSubfolderSpec = 10;
			files = (
				BBAB23CB13894F3D00AA2426 /* GLUT.framework in CopyFiles */,
			);
			runOnlyForDeploymentPostprocessing = 0;
		};
/* End PBXCopyFilesBuildPhase section */

/* Begin PBXFileReference section */
		0798DFCCB27AE141B02AEEA1 /* urg_connection.h */ = {isa = PBXFileReference; explicitFileType = sourcecode.c.h; fileEncoding = 30; name = urg_connection.h; path = ../../../addons/ofxUrg/libs/urg_library/include/urg_connection.h; sourceTree = SOURCE_ROOT; };
		0A1DAC09F322AE313A40706D /* ofxToggle.h */ = {isa = PBXFileReference; explicitFileType = sourcecode.c.h; fileEncoding = 30; name = ofxToggle.h; path = ../../../addons/ofxGui/src/ofxToggle.h; sourceTree = SOURCE_ROOT; };
		15F2C6477A769C03A56D1401 /* ofxSlider.cpp */ = {isa = PBXFileReference; explicitFileType = sourcecode.cpp.cpp; fileEncoding = 30; name = ofxSlider.cpp; path = ../../../addons/ofxGui/src/ofxSlider.cpp; sourceTree = SOURCE_ROOT; };
		17E65988300FBD9AAA2CD0CA /* ofxGui.h */ = {isa = PBXFileReference; explicitFileType = sourcecode.c.h; fileEncoding = 30; name = ofxGui.h; path = ../../../addons/ofxGui/src/ofxGui.h; sourceTree = SOURCE_ROOT; };
		1961BCC723203C023B528B25 /* detect_os.h */ = {isa = PBXFileReference; explicitFileType = sourcecode.c.h; fileEncoding = 30; name = detect_os.h; path = ../../../addons/ofxUrg/libs/urg_library/include/detect_os.h; sourceTree = SOURCE_ROOT; };
		1B73C66848AF483A9D2F8A7D /* urg_tcpclient.h */ = {isa = PBXFileReference; explicitFileType = sourcecode.c.h; fileEncoding = 30; name = urg_tcpclient.h; path = ../../../addons/ofxUrg/libs/urg_library/include/urg_tcpclient.h; sourceTree = SOURCE_ROOT; };
		1C0DA2561397A7DE0246858B /* ofxGuiGroup.h */ = {isa = PBXFileReference; explicitFileType = sourcecode.c.h; fileEncoding = 30; name = ofxGuiGroup.h; path = ../../../addons/ofxGui/src/ofxGuiGroup.h; sourceTree = SOURCE_ROOT; };
		23D2D01E0BD6C10D040EC79E /* urg_tcpclient.c */ = {isa = PBXFileReference; explicitFileType = sourcecode.c.c; fileEncoding = 30; name = urg_tcpclient.c; path = ../../../addons/ofxUrg/libs/urg_library/src/urg_tcpclient.c; sourceTree = SOURCE_ROOT; };
		2834D88A62CD23F3DE2C47D1 /* ofxButton.h */ = {isa = PBXFileReference; explicitFileType = sourcecode.c.h; fileEncoding = 30; name = ofxButton.h; path = ../../../addons/ofxGui/src/ofxButton.h; sourceTree = SOURCE_ROOT; };
		2ED024CDB7A3F57950EA7A33 /* math_utilities.h */ = {isa = PBXFileReference; explicitFileType = sourcecode.c.h; fileEncoding = 30; name = math_utilities.h; path = ../../../addons/ofxUrg/libs/urg_library/include/math_utilities.h; sourceTree = SOURCE_ROOT; };
		487F6E8E807961A19AD32AB3 /* urg_detect_os.h */ = {isa = PBXFileReference; explicitFileType = sourcecode.c.h; fileEncoding = 30; name = urg_detect_os.h; path = ../../../addons/ofxUrg/libs/urg_library/include/urg_detect_os.h; sourceTree = SOURCE_ROOT; };
		496E5C048EA582FCB48C5FF2 /* urg_utils.h */ = {isa = PBXFileReference; explicitFileType = sourcecode.c.h; fileEncoding = 30; name = urg_utils.h; path = ../../../addons/ofxUrg/libs/urg_library/include/urg_utils.h; sourceTree = SOURCE_ROOT; };
		52AFA1F08C420992CAAAE648 /* ofxSlider.h */ = {isa = PBXFileReference; explicitFileType = sourcecode.c.h; fileEncoding = 30; name = ofxSlider.h; path = ../../../addons/ofxGui/src/ofxSlider.h; sourceTree = SOURCE_ROOT; };
		58EB4AD96E18E0F6FC7D866D /* urg_debug.h */ = {isa = PBXFileReference; explicitFileType = sourcecode.c.h; fileEncoding = 30; name = urg_debug.h; path = ../../../addons/ofxUrg/libs/urg_library/include/urg_debug.h; sourceTree = SOURCE_ROOT; };
		5D6EBDBF1C3C4D703EF2092F /* urg_ring_buffer.c */ = {isa = PBXFileReference; explicitFileType = sourcecode.c.c; fileEncoding = 30; name = urg_ring_buffer.c; path = ../../../addons/ofxUrg/libs/urg_library/src/urg_ring_buffer.c; sourceTree = SOURCE_ROOT; };
		69544655D52AB4F96506368B /* urg_serial_utils.c */ = {isa = PBXFileReference; explicitFileType = sourcecode.c.c; fileEncoding = 30; name = urg_serial_utils.c; path = ../../../addons/ofxUrg/libs/urg_library/src/urg_serial_utils.c; sourceTree = SOURCE_ROOT; };
		6EDBF2A61BEE0E8600049290 /* particle.cpp */ = {isa = PBXFileReference; fileEncoding = 4; lastKnownFileType = sourcecode.cpp.cpp; path = particle.cpp; sourceTree = "<group>"; };
		6EDBF2A71BEE0E8600049290 /* particle.hpp */ = {isa = PBXFileReference; fileEncoding = 4; lastKnownFileType = sourcecode.cpp.h; path = particle.hpp; sourceTree = "<group>"; };
		6EDBF2AC1BEEE29B00049290 /* urg.cpp */ = {isa = PBXFileReference; fileEncoding = 4; lastKnownFileType = sourcecode.cpp.cpp; path = urg.cpp; sourceTree = "<group>"; };
		6EDBF2AD1BEEE29B00049290 /* urg.hpp */ = {isa = PBXFileReference; fileEncoding = 4; lastKnownFileType = sourcecode.cpp.h; path = urg.hpp; sourceTree = "<group>"; };
		6EFAAA411C0744BB00E7688E /* .gitignore */ = {isa = PBXFileReference; fileEncoding = 4; lastKnownFileType = text; path = .gitignore; sourceTree = "<group>"; };
		6EFAAB811C0744BF00E7688E /* Box2D.h */ = {isa = PBXFileReference; fileEncoding = 4; lastKnownFileType = sourcecode.c.h; path = Box2D.h; sourceTree = "<group>"; };
		6EFAAB831C0744BF00E7688E /* b2BroadPhase.cpp */ = {isa = PBXFileReference; fileEncoding = 4; lastKnownFileType = sourcecode.cpp.cpp; path = b2BroadPhase.cpp; sourceTree = "<group>"; };
		6EFAAB841C0744BF00E7688E /* b2BroadPhase.h */ = {isa = PBXFileReference; fileEncoding = 4; lastKnownFileType = sourcecode.c.h; path = b2BroadPhase.h; sourceTree = "<group>"; };
		6EFAAB851C0744BF00E7688E /* b2CollideCircle.cpp */ = {isa = PBXFileReference; fileEncoding = 4; lastKnownFileType = sourcecode.cpp.cpp; path = b2CollideCircle.cpp; sourceTree = "<group>"; };
		6EFAAB861C0744BF00E7688E /* b2CollideEdge.cpp */ = {isa = PBXFileReference; fileEncoding = 4; lastKnownFileType = sourcecode.cpp.cpp; path = b2CollideEdge.cpp; sourceTree = "<group>"; };
		6EFAAB871C0744BF00E7688E /* b2CollidePolygon.cpp */ = {isa = PBXFileReference; fileEncoding = 4; lastKnownFileType = sourcecode.cpp.cpp; path = b2CollidePolygon.cpp; sourceTree = "<group>"; };
		6EFAAB881C0744BF00E7688E /* b2Collision.cpp */ = {isa = PBXFileReference; fileEncoding = 4; lastKnownFileType = sourcecode.cpp.cpp; path = b2Collision.cpp; sourceTree = "<group>"; };
		6EFAAB891C0744BF00E7688E /* b2Collision.h */ = {isa = PBXFileReference; fileEncoding = 4; lastKnownFileType = sourcecode.c.h; path = b2Collision.h; sourceTree = "<group>"; };
		6EFAAB8A1C0744BF00E7688E /* b2Distance.cpp */ = {isa = PBXFileReference; fileEncoding = 4; lastKnownFileType = sourcecode.cpp.cpp; path = b2Distance.cpp; sourceTree = "<group>"; };
		6EFAAB8B1C0744BF00E7688E /* b2Distance.h */ = {isa = PBXFileReference; fileEncoding = 4; lastKnownFileType = sourcecode.c.h; path = b2Distance.h; sourceTree = "<group>"; };
		6EFAAB8C1C0744BF00E7688E /* b2DynamicTree.cpp */ = {isa = PBXFileReference; fileEncoding = 4; lastKnownFileType = sourcecode.cpp.cpp; path = b2DynamicTree.cpp; sourceTree = "<group>"; };
		6EFAAB8D1C0744BF00E7688E /* b2DynamicTree.h */ = {isa = PBXFileReference; fileEncoding = 4; lastKnownFileType = sourcecode.c.h; path = b2DynamicTree.h; sourceTree = "<group>"; };
		6EFAAB8E1C0744BF00E7688E /* b2TimeOfImpact.cpp */ = {isa = PBXFileReference; fileEncoding = 4; lastKnownFileType = sourcecode.cpp.cpp; path = b2TimeOfImpact.cpp; sourceTree = "<group>"; };
		6EFAAB8F1C0744BF00E7688E /* b2TimeOfImpact.h */ = {isa = PBXFileReference; fileEncoding = 4; lastKnownFileType = sourcecode.c.h; path = b2TimeOfImpact.h; sourceTree = "<group>"; };
		6EFAAB911C0744BF00E7688E /* b2ChainShape.cpp */ = {isa = PBXFileReference; fileEncoding = 4; lastKnownFileType = sourcecode.cpp.cpp; path = b2ChainShape.cpp; sourceTree = "<group>"; };
		6EFAAB921C0744BF00E7688E /* b2ChainShape.h */ = {isa = PBXFileReference; fileEncoding = 4; lastKnownFileType = sourcecode.c.h; path = b2ChainShape.h; sourceTree = "<group>"; };
		6EFAAB931C0744BF00E7688E /* b2CircleShape.cpp */ = {isa = PBXFileReference; fileEncoding = 4; lastKnownFileType = sourcecode.cpp.cpp; path = b2CircleShape.cpp; sourceTree = "<group>"; };
		6EFAAB941C0744BF00E7688E /* b2CircleShape.h */ = {isa = PBXFileReference; fileEncoding = 4; lastKnownFileType = sourcecode.c.h; path = b2CircleShape.h; sourceTree = "<group>"; };
		6EFAAB951C0744BF00E7688E /* b2EdgeShape.cpp */ = {isa = PBXFileReference; fileEncoding = 4; lastKnownFileType = sourcecode.cpp.cpp; path = b2EdgeShape.cpp; sourceTree = "<group>"; };
		6EFAAB961C0744BF00E7688E /* b2EdgeShape.h */ = {isa = PBXFileReference; fileEncoding = 4; lastKnownFileType = sourcecode.c.h; path = b2EdgeShape.h; sourceTree = "<group>"; };
		6EFAAB971C0744BF00E7688E /* b2PolygonShape.cpp */ = {isa = PBXFileReference; fileEncoding = 4; lastKnownFileType = sourcecode.cpp.cpp; path = b2PolygonShape.cpp; sourceTree = "<group>"; };
		6EFAAB981C0744BF00E7688E /* b2PolygonShape.h */ = {isa = PBXFileReference; fileEncoding = 4; lastKnownFileType = sourcecode.c.h; path = b2PolygonShape.h; sourceTree = "<group>"; };
		6EFAAB991C0744BF00E7688E /* b2Shape.h */ = {isa = PBXFileReference; fileEncoding = 4; lastKnownFileType = sourcecode.c.h; path = b2Shape.h; sourceTree = "<group>"; };
		6EFAAB9B1C0744BF00E7688E /* b2BlockAllocator.cpp */ = {isa = PBXFileReference; fileEncoding = 4; lastKnownFileType = sourcecode.cpp.cpp; path = b2BlockAllocator.cpp; sourceTree = "<group>"; };
		6EFAAB9C1C0744BF00E7688E /* b2BlockAllocator.h */ = {isa = PBXFileReference; fileEncoding = 4; lastKnownFileType = sourcecode.c.h; path = b2BlockAllocator.h; sourceTree = "<group>"; };
		6EFAAB9D1C0744BF00E7688E /* b2Draw.cpp */ = {isa = PBXFileReference; fileEncoding = 4; lastKnownFileType = sourcecode.cpp.cpp; path = b2Draw.cpp; sourceTree = "<group>"; };
		6EFAAB9E1C0744BF00E7688E /* b2Draw.h */ = {isa = PBXFileReference; fileEncoding = 4; lastKnownFileType = sourcecode.c.h; path = b2Draw.h; sourceTree = "<group>"; };
		6EFAAB9F1C0744BF00E7688E /* b2GrowableStack.h */ = {isa = PBXFileReference; fileEncoding = 4; lastKnownFileType = sourcecode.c.h; path = b2GrowableStack.h; sourceTree = "<group>"; };
		6EFAABA01C0744BF00E7688E /* b2Math.cpp */ = {isa = PBXFileReference; fileEncoding = 4; lastKnownFileType = sourcecode.cpp.cpp; path = b2Math.cpp; sourceTree = "<group>"; };
		6EFAABA11C0744BF00E7688E /* b2Math.h */ = {isa = PBXFileReference; fileEncoding = 4; lastKnownFileType = sourcecode.c.h; path = b2Math.h; sourceTree = "<group>"; };
		6EFAABA21C0744BF00E7688E /* b2Settings.cpp */ = {isa = PBXFileReference; fileEncoding = 4; lastKnownFileType = sourcecode.cpp.cpp; path = b2Settings.cpp; sourceTree = "<group>"; };
		6EFAABA31C0744BF00E7688E /* b2Settings.h */ = {isa = PBXFileReference; fileEncoding = 4; lastKnownFileType = sourcecode.c.h; path = b2Settings.h; sourceTree = "<group>"; };
		6EFAABA41C0744BF00E7688E /* b2StackAllocator.cpp */ = {isa = PBXFileReference; fileEncoding = 4; lastKnownFileType = sourcecode.cpp.cpp; path = b2StackAllocator.cpp; sourceTree = "<group>"; };
		6EFAABA51C0744BF00E7688E /* b2StackAllocator.h */ = {isa = PBXFileReference; fileEncoding = 4; lastKnownFileType = sourcecode.c.h; path = b2StackAllocator.h; sourceTree = "<group>"; };
		6EFAABA61C0744BF00E7688E /* b2Timer.cpp */ = {isa = PBXFileReference; fileEncoding = 4; lastKnownFileType = sourcecode.cpp.cpp; path = b2Timer.cpp; sourceTree = "<group>"; };
		6EFAABA71C0744BF00E7688E /* b2Timer.h */ = {isa = PBXFileReference; fileEncoding = 4; lastKnownFileType = sourcecode.c.h; path = b2Timer.h; sourceTree = "<group>"; };
		6EFAABA91C0744BF00E7688E /* b2Body.cpp */ = {isa = PBXFileReference; fileEncoding = 4; lastKnownFileType = sourcecode.cpp.cpp; path = b2Body.cpp; sourceTree = "<group>"; };
		6EFAABAA1C0744BF00E7688E /* b2Body.h */ = {isa = PBXFileReference; fileEncoding = 4; lastKnownFileType = sourcecode.c.h; path = b2Body.h; sourceTree = "<group>"; };
		6EFAABAB1C0744BF00E7688E /* b2ContactManager.cpp */ = {isa = PBXFileReference; fileEncoding = 4; lastKnownFileType = sourcecode.cpp.cpp; path = b2ContactManager.cpp; sourceTree = "<group>"; };
		6EFAABAC1C0744BF00E7688E /* b2ContactManager.h */ = {isa = PBXFileReference; fileEncoding = 4; lastKnownFileType = sourcecode.c.h; path = b2ContactManager.h; sourceTree = "<group>"; };
		6EFAABAD1C0744BF00E7688E /* b2Fixture.cpp */ = {isa = PBXFileReference; fileEncoding = 4; lastKnownFileType = sourcecode.cpp.cpp; path = b2Fixture.cpp; sourceTree = "<group>"; };
		6EFAABAE1C0744BF00E7688E /* b2Fixture.h */ = {isa = PBXFileReference; fileEncoding = 4; lastKnownFileType = sourcecode.c.h; path = b2Fixture.h; sourceTree = "<group>"; };
		6EFAABAF1C0744BF00E7688E /* b2Island.cpp */ = {isa = PBXFileReference; fileEncoding = 4; lastKnownFileType = sourcecode.cpp.cpp; path = b2Island.cpp; sourceTree = "<group>"; };
		6EFAABB01C0744BF00E7688E /* b2Island.h */ = {isa = PBXFileReference; fileEncoding = 4; lastKnownFileType = sourcecode.c.h; path = b2Island.h; sourceTree = "<group>"; };
		6EFAABB11C0744BF00E7688E /* b2TimeStep.h */ = {isa = PBXFileReference; fileEncoding = 4; lastKnownFileType = sourcecode.c.h; path = b2TimeStep.h; sourceTree = "<group>"; };
		6EFAABB21C0744BF00E7688E /* b2World.cpp */ = {isa = PBXFileReference; fileEncoding = 4; lastKnownFileType = sourcecode.cpp.cpp; path = b2World.cpp; sourceTree = "<group>"; };
		6EFAABB31C0744BF00E7688E /* b2World.h */ = {isa = PBXFileReference; fileEncoding = 4; lastKnownFileType = sourcecode.c.h; path = b2World.h; sourceTree = "<group>"; };
		6EFAABB41C0744BF00E7688E /* b2WorldCallbacks.cpp */ = {isa = PBXFileReference; fileEncoding = 4; lastKnownFileType = sourcecode.cpp.cpp; path = b2WorldCallbacks.cpp; sourceTree = "<group>"; };
		6EFAABB51C0744BF00E7688E /* b2WorldCallbacks.h */ = {isa = PBXFileReference; fileEncoding = 4; lastKnownFileType = sourcecode.c.h; path = b2WorldCallbacks.h; sourceTree = "<group>"; };
		6EFAABB71C0744BF00E7688E /* b2ChainAndCircleContact.cpp */ = {isa = PBXFileReference; fileEncoding = 4; lastKnownFileType = sourcecode.cpp.cpp; path = b2ChainAndCircleContact.cpp; sourceTree = "<group>"; };
		6EFAABB81C0744BF00E7688E /* b2ChainAndCircleContact.h */ = {isa = PBXFileReference; fileEncoding = 4; lastKnownFileType = sourcecode.c.h; path = b2ChainAndCircleContact.h; sourceTree = "<group>"; };
		6EFAABB91C0744BF00E7688E /* b2ChainAndPolygonContact.cpp */ = {isa = PBXFileReference; fileEncoding = 4; lastKnownFileType = sourcecode.cpp.cpp; path = b2ChainAndPolygonContact.cpp; sourceTree = "<group>"; };
		6EFAABBA1C0744BF00E7688E /* b2ChainAndPolygonContact.h */ = {isa = PBXFileReference; fileEncoding = 4; lastKnownFileType = sourcecode.c.h; path = b2ChainAndPolygonContact.h; sourceTree = "<group>"; };
		6EFAABBB1C0744BF00E7688E /* b2CircleContact.cpp */ = {isa = PBXFileReference; fileEncoding = 4; lastKnownFileType = sourcecode.cpp.cpp; path = b2CircleContact.cpp; sourceTree = "<group>"; };
		6EFAABBC1C0744BF00E7688E /* b2CircleContact.h */ = {isa = PBXFileReference; fileEncoding = 4; lastKnownFileType = sourcecode.c.h; path = b2CircleContact.h; sourceTree = "<group>"; };
		6EFAABBD1C0744BF00E7688E /* b2Contact.cpp */ = {isa = PBXFileReference; fileEncoding = 4; lastKnownFileType = sourcecode.cpp.cpp; path = b2Contact.cpp; sourceTree = "<group>"; };
		6EFAABBE1C0744BF00E7688E /* b2Contact.h */ = {isa = PBXFileReference; fileEncoding = 4; lastKnownFileType = sourcecode.c.h; path = b2Contact.h; sourceTree = "<group>"; };
		6EFAABBF1C0744BF00E7688E /* b2ContactSolver.cpp */ = {isa = PBXFileReference; fileEncoding = 4; lastKnownFileType = sourcecode.cpp.cpp; path = b2ContactSolver.cpp; sourceTree = "<group>"; };
		6EFAABC01C0744BF00E7688E /* b2ContactSolver.h */ = {isa = PBXFileReference; fileEncoding = 4; lastKnownFileType = sourcecode.c.h; path = b2ContactSolver.h; sourceTree = "<group>"; };
		6EFAABC11C0744BF00E7688E /* b2EdgeAndCircleContact.cpp */ = {isa = PBXFileReference; fileEncoding = 4; lastKnownFileType = sourcecode.cpp.cpp; path = b2EdgeAndCircleContact.cpp; sourceTree = "<group>"; };
		6EFAABC21C0744BF00E7688E /* b2EdgeAndCircleContact.h */ = {isa = PBXFileReference; fileEncoding = 4; lastKnownFileType = sourcecode.c.h; path = b2EdgeAndCircleContact.h; sourceTree = "<group>"; };
		6EFAABC31C0744BF00E7688E /* b2EdgeAndPolygonContact.cpp */ = {isa = PBXFileReference; fileEncoding = 4; lastKnownFileType = sourcecode.cpp.cpp; path = b2EdgeAndPolygonContact.cpp; sourceTree = "<group>"; };
		6EFAABC41C0744BF00E7688E /* b2EdgeAndPolygonContact.h */ = {isa = PBXFileReference; fileEncoding = 4; lastKnownFileType = sourcecode.c.h; path = b2EdgeAndPolygonContact.h; sourceTree = "<group>"; };
		6EFAABC51C0744BF00E7688E /* b2PolygonAndCircleContact.cpp */ = {isa = PBXFileReference; fileEncoding = 4; lastKnownFileType = sourcecode.cpp.cpp; path = b2PolygonAndCircleContact.cpp; sourceTree = "<group>"; };
		6EFAABC61C0744BF00E7688E /* b2PolygonAndCircleContact.h */ = {isa = PBXFileReference; fileEncoding = 4; lastKnownFileType = sourcecode.c.h; path = b2PolygonAndCircleContact.h; sourceTree = "<group>"; };
		6EFAABC71C0744BF00E7688E /* b2PolygonContact.cpp */ = {isa = PBXFileReference; fileEncoding = 4; lastKnownFileType = sourcecode.cpp.cpp; path = b2PolygonContact.cpp; sourceTree = "<group>"; };
		6EFAABC81C0744BF00E7688E /* b2PolygonContact.h */ = {isa = PBXFileReference; fileEncoding = 4; lastKnownFileType = sourcecode.c.h; path = b2PolygonContact.h; sourceTree = "<group>"; };
		6EFAABCA1C0744BF00E7688E /* b2DistanceJoint.cpp */ = {isa = PBXFileReference; fileEncoding = 4; lastKnownFileType = sourcecode.cpp.cpp; path = b2DistanceJoint.cpp; sourceTree = "<group>"; };
		6EFAABCB1C0744BF00E7688E /* b2DistanceJoint.h */ = {isa = PBXFileReference; fileEncoding = 4; lastKnownFileType = sourcecode.c.h; path = b2DistanceJoint.h; sourceTree = "<group>"; };
		6EFAABCC1C0744BF00E7688E /* b2FrictionJoint.cpp */ = {isa = PBXFileReference; fileEncoding = 4; lastKnownFileType = sourcecode.cpp.cpp; path = b2FrictionJoint.cpp; sourceTree = "<group>"; };
		6EFAABCD1C0744BF00E7688E /* b2FrictionJoint.h */ = {isa = PBXFileReference; fileEncoding = 4; lastKnownFileType = sourcecode.c.h; path = b2FrictionJoint.h; sourceTree = "<group>"; };
		6EFAABCE1C0744BF00E7688E /* b2GearJoint.cpp */ = {isa = PBXFileReference; fileEncoding = 4; lastKnownFileType = sourcecode.cpp.cpp; path = b2GearJoint.cpp; sourceTree = "<group>"; };
		6EFAABCF1C0744BF00E7688E /* b2GearJoint.h */ = {isa = PBXFileReference; fileEncoding = 4; lastKnownFileType = sourcecode.c.h; path = b2GearJoint.h; sourceTree = "<group>"; };
		6EFAABD01C0744BF00E7688E /* b2Joint.cpp */ = {isa = PBXFileReference; fileEncoding = 4; lastKnownFileType = sourcecode.cpp.cpp; path = b2Joint.cpp; sourceTree = "<group>"; };
		6EFAABD11C0744BF00E7688E /* b2Joint.h */ = {isa = PBXFileReference; fileEncoding = 4; lastKnownFileType = sourcecode.c.h; path = b2Joint.h; sourceTree = "<group>"; };
		6EFAABD21C0744BF00E7688E /* b2MotorJoint.cpp */ = {isa = PBXFileReference; fileEncoding = 4; lastKnownFileType = sourcecode.cpp.cpp; path = b2MotorJoint.cpp; sourceTree = "<group>"; };
		6EFAABD31C0744BF00E7688E /* b2MotorJoint.h */ = {isa = PBXFileReference; fileEncoding = 4; lastKnownFileType = sourcecode.c.h; path = b2MotorJoint.h; sourceTree = "<group>"; };
		6EFAABD41C0744BF00E7688E /* b2MouseJoint.cpp */ = {isa = PBXFileReference; fileEncoding = 4; lastKnownFileType = sourcecode.cpp.cpp; path = b2MouseJoint.cpp; sourceTree = "<group>"; };
		6EFAABD51C0744BF00E7688E /* b2MouseJoint.h */ = {isa = PBXFileReference; fileEncoding = 4; lastKnownFileType = sourcecode.c.h; path = b2MouseJoint.h; sourceTree = "<group>"; };
		6EFAABD61C0744BF00E7688E /* b2PrismaticJoint.cpp */ = {isa = PBXFileReference; fileEncoding = 4; lastKnownFileType = sourcecode.cpp.cpp; path = b2PrismaticJoint.cpp; sourceTree = "<group>"; };
		6EFAABD71C0744BF00E7688E /* b2PrismaticJoint.h */ = {isa = PBXFileReference; fileEncoding = 4; lastKnownFileType = sourcecode.c.h; path = b2PrismaticJoint.h; sourceTree = "<group>"; };
		6EFAABD81C0744BF00E7688E /* b2PulleyJoint.cpp */ = {isa = PBXFileReference; fileEncoding = 4; lastKnownFileType = sourcecode.cpp.cpp; path = b2PulleyJoint.cpp; sourceTree = "<group>"; };
		6EFAABD91C0744BF00E7688E /* b2PulleyJoint.h */ = {isa = PBXFileReference; fileEncoding = 4; lastKnownFileType = sourcecode.c.h; path = b2PulleyJoint.h; sourceTree = "<group>"; };
		6EFAABDA1C0744BF00E7688E /* b2RevoluteJoint.cpp */ = {isa = PBXFileReference; fileEncoding = 4; lastKnownFileType = sourcecode.cpp.cpp; path = b2RevoluteJoint.cpp; sourceTree = "<group>"; };
		6EFAABDB1C0744BF00E7688E /* b2RevoluteJoint.h */ = {isa = PBXFileReference; fileEncoding = 4; lastKnownFileType = sourcecode.c.h; path = b2RevoluteJoint.h; sourceTree = "<group>"; };
		6EFAABDC1C0744BF00E7688E /* b2RopeJoint.cpp */ = {isa = PBXFileReference; fileEncoding = 4; lastKnownFileType = sourcecode.cpp.cpp; path = b2RopeJoint.cpp; sourceTree = "<group>"; };
		6EFAABDD1C0744BF00E7688E /* b2RopeJoint.h */ = {isa = PBXFileReference; fileEncoding = 4; lastKnownFileType = sourcecode.c.h; path = b2RopeJoint.h; sourceTree = "<group>"; };
		6EFAABDE1C0744BF00E7688E /* b2WeldJoint.cpp */ = {isa = PBXFileReference; fileEncoding = 4; lastKnownFileType = sourcecode.cpp.cpp; path = b2WeldJoint.cpp; sourceTree = "<group>"; };
		6EFAABDF1C0744BF00E7688E /* b2WeldJoint.h */ = {isa = PBXFileReference; fileEncoding = 4; lastKnownFileType = sourcecode.c.h; path = b2WeldJoint.h; sourceTree = "<group>"; };
		6EFAABE01C0744BF00E7688E /* b2WheelJoint.cpp */ = {isa = PBXFileReference; fileEncoding = 4; lastKnownFileType = sourcecode.cpp.cpp; path = b2WheelJoint.cpp; sourceTree = "<group>"; };
		6EFAABE11C0744BF00E7688E /* b2WheelJoint.h */ = {isa = PBXFileReference; fileEncoding = 4; lastKnownFileType = sourcecode.c.h; path = b2WheelJoint.h; sourceTree = "<group>"; };
		6EFAABE31C0744BF00E7688E /* b2Rope.cpp */ = {isa = PBXFileReference; fileEncoding = 4; lastKnownFileType = sourcecode.cpp.cpp; path = b2Rope.cpp; sourceTree = "<group>"; };
		6EFAABE41C0744BF00E7688E /* b2Rope.h */ = {isa = PBXFileReference; fileEncoding = 4; lastKnownFileType = sourcecode.c.h; path = b2Rope.h; sourceTree = "<group>"; };
		6EFAABE61C0744BF00E7688E /* assert.hpp */ = {isa = PBXFileReference; fileEncoding = 4; lastKnownFileType = sourcecode.cpp.h; path = assert.hpp; sourceTree = "<group>"; };
		6EFAABE71C0744BF00E7688E /* del_impl.cpp */ = {isa = PBXFileReference; fileEncoding = 4; lastKnownFileType = sourcecode.cpp.cpp; path = del_impl.cpp; sourceTree = "<group>"; };
		6EFAABE81C0744BF00E7688E /* del_interface.hpp */ = {isa = PBXFileReference; fileEncoding = 4; lastKnownFileType = sourcecode.cpp.h; path = del_interface.hpp; sourceTree = "<group>"; };
		6EFAABE91C0744BF00E7688E /* dpoint.hpp */ = {isa = PBXFileReference; fileEncoding = 4; lastKnownFileType = sourcecode.cpp.h; path = dpoint.hpp; sourceTree = "<group>"; };
		6EFAABEA1C0744BF00E7688E /* triangle.h */ = {isa = PBXFileReference; fileEncoding = 4; lastKnownFileType = sourcecode.c.h; path = triangle.h; sourceTree = "<group>"; };
		6EFAABEB1C0744BF00E7688E /* triangle_impl.hpp */ = {isa = PBXFileReference; fileEncoding = 4; lastKnownFileType = sourcecode.cpp.h; path = triangle_impl.hpp; sourceTree = "<group>"; };
		6EFAABEC1C0744BF00E7688E /* License.txt */ = {isa = PBXFileReference; fileEncoding = 4; lastKnownFileType = text; path = License.txt; sourceTree = "<group>"; };
		6EFAABED1C0744BF00E7688E /* ofxaddons_thumbnail.png */ = {isa = PBXFileReference; lastKnownFileType = image.png; path = ofxaddons_thumbnail.png; sourceTree = "<group>"; };
		6EFAABEE1C0744BF00E7688E /* README.md */ = {isa = PBXFileReference; fileEncoding = 4; lastKnownFileType = net.daringfireball.markdown; path = README.md; sourceTree = "<group>"; };
		6EFAABF01C0744BF00E7688E /* ofxBox2d.cpp */ = {isa = PBXFileReference; fileEncoding = 4; lastKnownFileType = sourcecode.cpp.cpp; path = ofxBox2d.cpp; sourceTree = "<group>"; };
		6EFAABF11C0744BF00E7688E /* ofxBox2d.h */ = {isa = PBXFileReference; fileEncoding = 4; lastKnownFileType = sourcecode.c.h; path = ofxBox2d.h; sourceTree = "<group>"; };
		6EFAABF21C0744BF00E7688E /* ofxBox2dBaseShape.cpp */ = {isa = PBXFileReference; fileEncoding = 4; lastKnownFileType = sourcecode.cpp.cpp; path = ofxBox2dBaseShape.cpp; sourceTree = "<group>"; };
		6EFAABF31C0744BF00E7688E /* ofxBox2dBaseShape.h */ = {isa = PBXFileReference; fileEncoding = 4; lastKnownFileType = sourcecode.c.h; path = ofxBox2dBaseShape.h; sourceTree = "<group>"; };
		6EFAABF41C0744BF00E7688E /* ofxBox2dCircle.cpp */ = {isa = PBXFileReference; fileEncoding = 4; lastKnownFileType = sourcecode.cpp.cpp; path = ofxBox2dCircle.cpp; sourceTree = "<group>"; };
		6EFAABF51C0744BF00E7688E /* ofxBox2dCircle.h */ = {isa = PBXFileReference; fileEncoding = 4; lastKnownFileType = sourcecode.c.h; path = ofxBox2dCircle.h; sourceTree = "<group>"; };
		6EFAABF61C0744BF00E7688E /* ofxBox2dContactListener.h */ = {isa = PBXFileReference; fileEncoding = 4; lastKnownFileType = sourcecode.c.h; path = ofxBox2dContactListener.h; sourceTree = "<group>"; };
		6EFAABF71C0744BF00E7688E /* ofxBox2dConvexPoly.cpp */ = {isa = PBXFileReference; fileEncoding = 4; lastKnownFileType = sourcecode.cpp.cpp; path = ofxBox2dConvexPoly.cpp; sourceTree = "<group>"; };
		6EFAABF81C0744BF00E7688E /* ofxBox2dConvexPoly.h */ = {isa = PBXFileReference; fileEncoding = 4; lastKnownFileType = sourcecode.c.h; path = ofxBox2dConvexPoly.h; sourceTree = "<group>"; };
		6EFAABF91C0744BF00E7688E /* ofxBox2dEdge.cpp */ = {isa = PBXFileReference; fileEncoding = 4; lastKnownFileType = sourcecode.cpp.cpp; path = ofxBox2dEdge.cpp; sourceTree = "<group>"; };
		6EFAABFA1C0744BF00E7688E /* ofxBox2dEdge.h */ = {isa = PBXFileReference; fileEncoding = 4; lastKnownFileType = sourcecode.c.h; path = ofxBox2dEdge.h; sourceTree = "<group>"; };
		6EFAABFB1C0744BF00E7688E /* ofxBox2dJoint.cpp */ = {isa = PBXFileReference; fileEncoding = 4; lastKnownFileType = sourcecode.cpp.cpp; path = ofxBox2dJoint.cpp; sourceTree = "<group>"; };
		6EFAABFC1C0744BF00E7688E /* ofxBox2dJoint.h */ = {isa = PBXFileReference; fileEncoding = 4; lastKnownFileType = sourcecode.c.h; path = ofxBox2dJoint.h; sourceTree = "<group>"; };
		6EFAABFD1C0744BF00E7688E /* ofxBox2dPolygon.cpp */ = {isa = PBXFileReference; fileEncoding = 4; lastKnownFileType = sourcecode.cpp.cpp; path = ofxBox2dPolygon.cpp; sourceTree = "<group>"; };
		6EFAABFE1C0744BF00E7688E /* ofxBox2dPolygon.h */ = {isa = PBXFileReference; fileEncoding = 4; lastKnownFileType = sourcecode.c.h; path = ofxBox2dPolygon.h; sourceTree = "<group>"; };
		6EFAABFF1C0744BF00E7688E /* ofxBox2dPolygonUtils.h */ = {isa = PBXFileReference; fileEncoding = 4; lastKnownFileType = sourcecode.c.h; path = ofxBox2dPolygonUtils.h; sourceTree = "<group>"; };
		6EFAAC001C0744BF00E7688E /* ofxBox2dRect.cpp */ = {isa = PBXFileReference; fileEncoding = 4; lastKnownFileType = sourcecode.cpp.cpp; path = ofxBox2dRect.cpp; sourceTree = "<group>"; };
		6EFAAC011C0744BF00E7688E /* ofxBox2dRect.h */ = {isa = PBXFileReference; fileEncoding = 4; lastKnownFileType = sourcecode.c.h; path = ofxBox2dRect.h; sourceTree = "<group>"; };
		6EFAAC021C0744BF00E7688E /* ofxBox2dRender.h */ = {isa = PBXFileReference; fileEncoding = 4; lastKnownFileType = sourcecode.c.h; path = ofxBox2dRender.h; sourceTree = "<group>"; };
		6EFAAC031C0744BF00E7688E /* ofxBox2dUtils.h */ = {isa = PBXFileReference; fileEncoding = 4; lastKnownFileType = sourcecode.c.h; path = ofxBox2dUtils.h; sourceTree = "<group>"; };
		78D67A00EB899FAC09430597 /* ofxLabel.cpp */ = {isa = PBXFileReference; explicitFileType = sourcecode.cpp.cpp; fileEncoding = 30; name = ofxLabel.cpp; path = ../../../addons/ofxGui/src/ofxLabel.cpp; sourceTree = SOURCE_ROOT; };
		802251BAF1B35B1D67B32FD0 /* ofxSliderGroup.cpp */ = {isa = PBXFileReference; explicitFileType = sourcecode.cpp.cpp; fileEncoding = 30; name = ofxSliderGroup.cpp; path = ../../../addons/ofxGui/src/ofxSliderGroup.cpp; sourceTree = SOURCE_ROOT; };
		87F26B4B24CBD428AD9EEBAA /* ofxBaseGui.h */ = {isa = PBXFileReference; explicitFileType = sourcecode.c.h; fileEncoding = 30; name = ofxBaseGui.h; path = ../../../addons/ofxGui/src/ofxBaseGui.h; sourceTree = SOURCE_ROOT; };
		87FD956C40B7BB133199D01C /* ticks.cpp */ = {isa = PBXFileReference; explicitFileType = sourcecode.cpp.cpp; fileEncoding = 30; name = ticks.cpp; path = ../../../addons/ofxUrg/libs/urg_library/src/ticks.cpp; sourceTree = SOURCE_ROOT; };
		89449E3044D456F7DE7BEA14 /* ofxPanel.h */ = {isa = PBXFileReference; explicitFileType = sourcecode.c.h; fileEncoding = 30; name = ofxPanel.h; path = ../../../addons/ofxGui/src/ofxPanel.h; sourceTree = SOURCE_ROOT; };
		8A85937FB8D35173897C7EAE /* ticks.h */ = {isa = PBXFileReference; explicitFileType = sourcecode.c.h; fileEncoding = 30; name = ticks.h; path = ../../../addons/ofxUrg/libs/urg_library/include/ticks.h; sourceTree = SOURCE_ROOT; };
		907C5B5E104864A2D3A25745 /* ofxToggle.cpp */ = {isa = PBXFileReference; explicitFileType = sourcecode.cpp.cpp; fileEncoding = 30; name = ofxToggle.cpp; path = ../../../addons/ofxGui/src/ofxToggle.cpp; sourceTree = SOURCE_ROOT; };
		9604B925D32EE39065747725 /* ofxBaseGui.cpp */ = {isa = PBXFileReference; explicitFileType = sourcecode.cpp.cpp; fileEncoding = 30; name = ofxBaseGui.cpp; path = ../../../addons/ofxGui/src/ofxBaseGui.cpp; sourceTree = SOURCE_ROOT; };
		9B7309DF6C97DC940F74B9B8 /* urg_serial.c */ = {isa = PBXFileReference; explicitFileType = sourcecode.c.c; fileEncoding = 30; name = urg_serial.c; path = ../../../addons/ofxUrg/libs/urg_library/src/urg_serial.c; sourceTree = SOURCE_ROOT; };
		A293CC5C9578CA90BAA28976 /* urg_serial.h */ = {isa = PBXFileReference; explicitFileType = sourcecode.c.h; fileEncoding = 30; name = urg_serial.h; path = ../../../addons/ofxUrg/libs/urg_library/include/urg_serial.h; sourceTree = SOURCE_ROOT; };
		A745B0BFFB6D0837125F84DC /* urg_serial_utils.h */ = {isa = PBXFileReference; explicitFileType = sourcecode.c.h; fileEncoding = 30; name = urg_serial_utils.h; path = ../../../addons/ofxUrg/libs/urg_library/include/urg_serial_utils.h; sourceTree = SOURCE_ROOT; };
		AEB5B6C7EC0221E06E854B71 /* urg_debug.c */ = {isa = PBXFileReference; explicitFileType = sourcecode.c.c; fileEncoding = 30; name = urg_debug.c; path = ../../../addons/ofxUrg/libs/urg_library/src/urg_debug.c; sourceTree = SOURCE_ROOT; };
		B489F964670BFD1FF5BD4FC3 /* urg_errno.h */ = {isa = PBXFileReference; explicitFileType = sourcecode.c.h; fileEncoding = 30; name = urg_errno.h; path = ../../../addons/ofxUrg/libs/urg_library/include/urg_errno.h; sourceTree = SOURCE_ROOT; };
		B4C7619462D8DBFEC72B9230 /* ofxUrg.h */ = {isa = PBXFileReference; explicitFileType = sourcecode.c.h; fileEncoding = 30; name = ofxUrg.h; path = ../../../addons/ofxUrg/src/ofxUrg.h; sourceTree = SOURCE_ROOT; };
		B87C60311EC1FE841C1ECD89 /* ofxLabel.h */ = {isa = PBXFileReference; explicitFileType = sourcecode.c.h; fileEncoding = 30; name = ofxLabel.h; path = ../../../addons/ofxGui/src/ofxLabel.h; sourceTree = SOURCE_ROOT; };
		BBAB23BE13894E4700AA2426 /* GLUT.framework */ = {isa = PBXFileReference; lastKnownFileType = wrapper.framework; name = GLUT.framework; path = ../../../libs/glut/lib/osx/GLUT.framework; sourceTree = "<group>"; };
		C35B26905394612A341670AC /* urg_ring_buffer.h */ = {isa = PBXFileReference; explicitFileType = sourcecode.c.h; fileEncoding = 30; name = urg_ring_buffer.h; path = ../../../addons/ofxUrg/libs/urg_library/include/urg_ring_buffer.h; sourceTree = SOURCE_ROOT; };
		C70D8946940288799E82131E /* ofxSliderGroup.h */ = {isa = PBXFileReference; explicitFileType = sourcecode.c.h; fileEncoding = 30; name = ofxSliderGroup.h; path = ../../../addons/ofxGui/src/ofxSliderGroup.h; sourceTree = SOURCE_ROOT; };
		C88333E71C9457E441C33474 /* ofxButton.cpp */ = {isa = PBXFileReference; explicitFileType = sourcecode.cpp.cpp; fileEncoding = 30; name = ofxButton.cpp; path = ../../../addons/ofxGui/src/ofxButton.cpp; sourceTree = SOURCE_ROOT; };
		C9C7DFDBE33358395A1FC714 /* Urg_driver.cpp */ = {isa = PBXFileReference; explicitFileType = sourcecode.cpp.cpp; fileEncoding = 30; name = Urg_driver.cpp; path = ../../../addons/ofxUrg/libs/urg_library/src/Urg_driver.cpp; sourceTree = SOURCE_ROOT; };
		CAFB58020AF7F07AB0C56D74 /* urg_utils.c */ = {isa = PBXFileReference; explicitFileType = sourcecode.c.c; fileEncoding = 30; name = urg_utils.c; path = ../../../addons/ofxUrg/libs/urg_library/src/urg_utils.c; sourceTree = SOURCE_ROOT; };
		DC3B69D4B7EA24DE72D8CC4E /* urg_sensor.c */ = {isa = PBXFileReference; explicitFileType = sourcecode.c.c; fileEncoding = 30; name = urg_sensor.c; path = ../../../addons/ofxUrg/libs/urg_library/src/urg_sensor.c; sourceTree = SOURCE_ROOT; };
		E112B3AEBEA2C091BF2B40AE /* ofxPanel.cpp */ = {isa = PBXFileReference; explicitFileType = sourcecode.cpp.cpp; fileEncoding = 30; name = ofxPanel.cpp; path = ../../../addons/ofxGui/src/ofxPanel.cpp; sourceTree = SOURCE_ROOT; };
		E27B76E5AC68116DBBFE7205 /* Urg_driver.h */ = {isa = PBXFileReference; explicitFileType = sourcecode.c.h; fileEncoding = 30; name = Urg_driver.h; path = ../../../addons/ofxUrg/libs/urg_library/include/Urg_driver.h; sourceTree = SOURCE_ROOT; };
		E371A0EFB21319938E7BA6CD /* urg_connection.c */ = {isa = PBXFileReference; explicitFileType = sourcecode.c.c; fileEncoding = 30; name = urg_connection.c; path = ../../../addons/ofxUrg/libs/urg_library/src/urg_connection.c; sourceTree = SOURCE_ROOT; };
		E4328143138ABC890047C5CB /* openFrameworksLib.xcodeproj */ = {isa = PBXFileReference; lastKnownFileType = "wrapper.pb-project"; name = openFrameworksLib.xcodeproj; path = ../../../libs/openFrameworksCompiled/project/osx/openFrameworksLib.xcodeproj; sourceTree = SOURCE_ROOT; };
		E45BE9710E8CC7DD009D7055 /* AGL.framework */ = {isa = PBXFileReference; lastKnownFileType = wrapper.framework; name = AGL.framework; path = /System/Library/Frameworks/AGL.framework; sourceTree = "<absolute>"; };
		E45BE9720E8CC7DD009D7055 /* ApplicationServices.framework */ = {isa = PBXFileReference; lastKnownFileType = wrapper.framework; name = ApplicationServices.framework; path = /System/Library/Frameworks/ApplicationServices.framework; sourceTree = "<absolute>"; };
		E45BE9730E8CC7DD009D7055 /* AudioToolbox.framework */ = {isa = PBXFileReference; lastKnownFileType = wrapper.framework; name = AudioToolbox.framework; path = /System/Library/Frameworks/AudioToolbox.framework; sourceTree = "<absolute>"; };
		E45BE9750E8CC7DD009D7055 /* CoreAudio.framework */ = {isa = PBXFileReference; lastKnownFileType = wrapper.framework; name = CoreAudio.framework; path = /System/Library/Frameworks/CoreAudio.framework; sourceTree = "<absolute>"; };
		E45BE9760E8CC7DD009D7055 /* CoreFoundation.framework */ = {isa = PBXFileReference; lastKnownFileType = wrapper.framework; name = CoreFoundation.framework; path = /System/Library/Frameworks/CoreFoundation.framework; sourceTree = "<absolute>"; };
		E45BE9770E8CC7DD009D7055 /* CoreServices.framework */ = {isa = PBXFileReference; lastKnownFileType = wrapper.framework; name = CoreServices.framework; path = /System/Library/Frameworks/CoreServices.framework; sourceTree = "<absolute>"; };
		E45BE9790E8CC7DD009D7055 /* OpenGL.framework */ = {isa = PBXFileReference; lastKnownFileType = wrapper.framework; name = OpenGL.framework; path = /System/Library/Frameworks/OpenGL.framework; sourceTree = "<absolute>"; };
		E45BE97A0E8CC7DD009D7055 /* QuickTime.framework */ = {isa = PBXFileReference; lastKnownFileType = wrapper.framework; name = QuickTime.framework; path = /System/Library/Frameworks/QuickTime.framework; sourceTree = "<absolute>"; };
		E4B69B5B0A3A1756003C02F2 /* cygnus_urgDebug.app */ = {isa = PBXFileReference; explicitFileType = wrapper.application; includeInIndex = 0; path = cygnus_urgDebug.app; sourceTree = BUILT_PRODUCTS_DIR; };
		E4B69E1D0A3A1BDC003C02F2 /* main.cpp */ = {isa = PBXFileReference; fileEncoding = 30; lastKnownFileType = sourcecode.cpp.cpp; name = main.cpp; path = src/main.cpp; sourceTree = SOURCE_ROOT; };
		E4B69E1E0A3A1BDC003C02F2 /* ofApp.cpp */ = {isa = PBXFileReference; explicitFileType = sourcecode.cpp.cpp; fileEncoding = 30; name = ofApp.cpp; path = src/ofApp.cpp; sourceTree = SOURCE_ROOT; };
		E4B69E1F0A3A1BDC003C02F2 /* ofApp.h */ = {isa = PBXFileReference; fileEncoding = 30; lastKnownFileType = sourcecode.c.h; name = ofApp.h; path = src/ofApp.h; sourceTree = SOURCE_ROOT; };
		E4B6FCAD0C3E899E008CF71C /* openFrameworks-Info.plist */ = {isa = PBXFileReference; fileEncoding = 30; lastKnownFileType = text.plist.xml; path = "openFrameworks-Info.plist"; sourceTree = "<group>"; };
		E4C2424410CC5A17004149E2 /* AppKit.framework */ = {isa = PBXFileReference; lastKnownFileType = wrapper.framework; name = AppKit.framework; path = /System/Library/Frameworks/AppKit.framework; sourceTree = "<absolute>"; };
		E4C2424510CC5A17004149E2 /* Cocoa.framework */ = {isa = PBXFileReference; lastKnownFileType = wrapper.framework; name = Cocoa.framework; path = /System/Library/Frameworks/Cocoa.framework; sourceTree = "<absolute>"; };
		E4C2424610CC5A17004149E2 /* IOKit.framework */ = {isa = PBXFileReference; lastKnownFileType = wrapper.framework; name = IOKit.framework; path = /System/Library/Frameworks/IOKit.framework; sourceTree = "<absolute>"; };
		E4EB691F138AFCF100A09F29 /* CoreOF.xcconfig */ = {isa = PBXFileReference; fileEncoding = 4; lastKnownFileType = text.xcconfig; name = CoreOF.xcconfig; path = ../../../libs/openFrameworksCompiled/project/osx/CoreOF.xcconfig; sourceTree = SOURCE_ROOT; };
		E4EB6923138AFD0F00A09F29 /* Project.xcconfig */ = {isa = PBXFileReference; fileEncoding = 4; lastKnownFileType = text.xcconfig; path = Project.xcconfig; sourceTree = "<group>"; };
		E7E077E415D3B63C0020DFD4 /* CoreVideo.framework */ = {isa = PBXFileReference; lastKnownFileType = wrapper.framework; name = CoreVideo.framework; path = /System/Library/Frameworks/CoreVideo.framework; sourceTree = "<absolute>"; };
		E7E077E715D3B6510020DFD4 /* QTKit.framework */ = {isa = PBXFileReference; lastKnownFileType = wrapper.framework; name = QTKit.framework; path = /System/Library/Frameworks/QTKit.framework; sourceTree = "<absolute>"; };
		E7F985F515E0DE99003869B5 /* Accelerate.framework */ = {isa = PBXFileReference; lastKnownFileType = wrapper.framework; name = Accelerate.framework; path = /System/Library/Frameworks/Accelerate.framework; sourceTree = "<absolute>"; };
		EB4A606844268D849C660E5D /* Lidar.h */ = {isa = PBXFileReference; explicitFileType = sourcecode.c.h; fileEncoding = 30; name = Lidar.h; path = ../../../addons/ofxUrg/libs/urg_library/include/Lidar.h; sourceTree = SOURCE_ROOT; };
		ECF8674C7975F1063C5E30CA /* ofxGuiGroup.cpp */ = {isa = PBXFileReference; explicitFileType = sourcecode.cpp.cpp; fileEncoding = 30; name = ofxGuiGroup.cpp; path = ../../../addons/ofxGui/src/ofxGuiGroup.cpp; sourceTree = SOURCE_ROOT; };
		F792C48EFF7D1775CA5A6DB6 /* urg_sensor.h */ = {isa = PBXFileReference; explicitFileType = sourcecode.c.h; fileEncoding = 30; name = urg_sensor.h; path = ../../../addons/ofxUrg/libs/urg_library/include/urg_sensor.h; sourceTree = SOURCE_ROOT; };
/* End PBXFileReference section */

/* Begin PBXFrameworksBuildPhase section */
		E4B69B590A3A1756003C02F2 /* Frameworks */ = {
			isa = PBXFrameworksBuildPhase;
			buildActionMask = 2147483647;
			files = (
				E7F985F815E0DEA3003869B5 /* Accelerate.framework in Frameworks */,
				E7E077E815D3B6510020DFD4 /* QTKit.framework in Frameworks */,
				E4EB6799138ADC1D00A09F29 /* GLUT.framework in Frameworks */,
				E4328149138ABC9F0047C5CB /* openFrameworksDebug.a in Frameworks */,
				E45BE97B0E8CC7DD009D7055 /* AGL.framework in Frameworks */,
				E45BE97C0E8CC7DD009D7055 /* ApplicationServices.framework in Frameworks */,
				E45BE97D0E8CC7DD009D7055 /* AudioToolbox.framework in Frameworks */,
				E45BE97F0E8CC7DD009D7055 /* CoreAudio.framework in Frameworks */,
				E45BE9800E8CC7DD009D7055 /* CoreFoundation.framework in Frameworks */,
				E45BE9810E8CC7DD009D7055 /* CoreServices.framework in Frameworks */,
				E45BE9830E8CC7DD009D7055 /* OpenGL.framework in Frameworks */,
				E45BE9840E8CC7DD009D7055 /* QuickTime.framework in Frameworks */,
				E4C2424710CC5A17004149E2 /* AppKit.framework in Frameworks */,
				E4C2424810CC5A17004149E2 /* Cocoa.framework in Frameworks */,
				E4C2424910CC5A17004149E2 /* IOKit.framework in Frameworks */,
				E7E077E515D3B63C0020DFD4 /* CoreVideo.framework in Frameworks */,
			);
			runOnlyForDeploymentPostprocessing = 0;
		};
/* End PBXFrameworksBuildPhase section */

/* Begin PBXGroup section */
		480A780D8D0308AE4A368801 /* ofxGui */ = {
			isa = PBXGroup;
			children = (
				A763ED608B35AE3310251DEE /* src */,
			);
			name = ofxGui;
			sourceTree = "<group>";
		};
		65181AB4D0C9ABB18E8CFD09 /* include */ = {
			isa = PBXGroup;
			children = (
				1961BCC723203C023B528B25 /* detect_os.h */,
				EB4A606844268D849C660E5D /* Lidar.h */,
				2ED024CDB7A3F57950EA7A33 /* math_utilities.h */,
				8A85937FB8D35173897C7EAE /* ticks.h */,
				0798DFCCB27AE141B02AEEA1 /* urg_connection.h */,
				58EB4AD96E18E0F6FC7D866D /* urg_debug.h */,
				487F6E8E807961A19AD32AB3 /* urg_detect_os.h */,
				E27B76E5AC68116DBBFE7205 /* Urg_driver.h */,
				B489F964670BFD1FF5BD4FC3 /* urg_errno.h */,
				C35B26905394612A341670AC /* urg_ring_buffer.h */,
				F792C48EFF7D1775CA5A6DB6 /* urg_sensor.h */,
				A293CC5C9578CA90BAA28976 /* urg_serial.h */,
				A745B0BFFB6D0837125F84DC /* urg_serial_utils.h */,
				1B73C66848AF483A9D2F8A7D /* urg_tcpclient.h */,
				496E5C048EA582FCB48C5FF2 /* urg_utils.h */,
			);
			name = include;
			sourceTree = "<group>";
		};
		66281C8D46BDF785D6E012A4 /* libs */ = {
			isa = PBXGroup;
			children = (
				F473FBAFD011FB3187700C71 /* urg_library */,
			);
			name = libs;
			sourceTree = "<group>";
		};
		6E74489959DDAB8B03123BC1 /* src */ = {
			isa = PBXGroup;
			children = (
				B4C7619462D8DBFEC72B9230 /* ofxUrg.h */,
			);
			name = src;
			sourceTree = "<group>";
		};
		6EFAAA401C0744BB00E7688E /* ofxBox2d */ = {
			isa = PBXGroup;
			children = (
				6EFAAA411C0744BB00E7688E /* .gitignore */,
				6EFAAB7F1C0744BF00E7688E /* libs */,
				6EFAABEC1C0744BF00E7688E /* License.txt */,
				6EFAABED1C0744BF00E7688E /* ofxaddons_thumbnail.png */,
				6EFAABEE1C0744BF00E7688E /* README.md */,
				6EFAABEF1C0744BF00E7688E /* src */,
			);
			path = ofxBox2d;
			sourceTree = "<group>";
		};
		6EFAAB7F1C0744BF00E7688E /* libs */ = {
			isa = PBXGroup;
			children = (
				6EFAAB801C0744BF00E7688E /* Box2D */,
				6EFAABE51C0744BF00E7688E /* triangle */,
			);
			path = libs;
			sourceTree = "<group>";
		};
		6EFAAB801C0744BF00E7688E /* Box2D */ = {
			isa = PBXGroup;
			children = (
				6EFAAB811C0744BF00E7688E /* Box2D.h */,
				6EFAAB821C0744BF00E7688E /* Collision */,
				6EFAAB9A1C0744BF00E7688E /* Common */,
				6EFAABA81C0744BF00E7688E /* Dynamics */,
				6EFAABE21C0744BF00E7688E /* Rope */,
			);
			path = Box2D;
			sourceTree = "<group>";
		};
		6EFAAB821C0744BF00E7688E /* Collision */ = {
			isa = PBXGroup;
			children = (
				6EFAAB831C0744BF00E7688E /* b2BroadPhase.cpp */,
				6EFAAB841C0744BF00E7688E /* b2BroadPhase.h */,
				6EFAAB851C0744BF00E7688E /* b2CollideCircle.cpp */,
				6EFAAB861C0744BF00E7688E /* b2CollideEdge.cpp */,
				6EFAAB871C0744BF00E7688E /* b2CollidePolygon.cpp */,
				6EFAAB881C0744BF00E7688E /* b2Collision.cpp */,
				6EFAAB891C0744BF00E7688E /* b2Collision.h */,
				6EFAAB8A1C0744BF00E7688E /* b2Distance.cpp */,
				6EFAAB8B1C0744BF00E7688E /* b2Distance.h */,
				6EFAAB8C1C0744BF00E7688E /* b2DynamicTree.cpp */,
				6EFAAB8D1C0744BF00E7688E /* b2DynamicTree.h */,
				6EFAAB8E1C0744BF00E7688E /* b2TimeOfImpact.cpp */,
				6EFAAB8F1C0744BF00E7688E /* b2TimeOfImpact.h */,
				6EFAAB901C0744BF00E7688E /* Shapes */,
			);
			path = Collision;
			sourceTree = "<group>";
		};
		6EFAAB901C0744BF00E7688E /* Shapes */ = {
			isa = PBXGroup;
			children = (
				6EFAAB911C0744BF00E7688E /* b2ChainShape.cpp */,
				6EFAAB921C0744BF00E7688E /* b2ChainShape.h */,
				6EFAAB931C0744BF00E7688E /* b2CircleShape.cpp */,
				6EFAAB941C0744BF00E7688E /* b2CircleShape.h */,
				6EFAAB951C0744BF00E7688E /* b2EdgeShape.cpp */,
				6EFAAB961C0744BF00E7688E /* b2EdgeShape.h */,
				6EFAAB971C0744BF00E7688E /* b2PolygonShape.cpp */,
				6EFAAB981C0744BF00E7688E /* b2PolygonShape.h */,
				6EFAAB991C0744BF00E7688E /* b2Shape.h */,
			);
			path = Shapes;
			sourceTree = "<group>";
		};
		6EFAAB9A1C0744BF00E7688E /* Common */ = {
			isa = PBXGroup;
			children = (
				6EFAAB9B1C0744BF00E7688E /* b2BlockAllocator.cpp */,
				6EFAAB9C1C0744BF00E7688E /* b2BlockAllocator.h */,
				6EFAAB9D1C0744BF00E7688E /* b2Draw.cpp */,
				6EFAAB9E1C0744BF00E7688E /* b2Draw.h */,
				6EFAAB9F1C0744BF00E7688E /* b2GrowableStack.h */,
				6EFAABA01C0744BF00E7688E /* b2Math.cpp */,
				6EFAABA11C0744BF00E7688E /* b2Math.h */,
				6EFAABA21C0744BF00E7688E /* b2Settings.cpp */,
				6EFAABA31C0744BF00E7688E /* b2Settings.h */,
				6EFAABA41C0744BF00E7688E /* b2StackAllocator.cpp */,
				6EFAABA51C0744BF00E7688E /* b2StackAllocator.h */,
				6EFAABA61C0744BF00E7688E /* b2Timer.cpp */,
				6EFAABA71C0744BF00E7688E /* b2Timer.h */,
			);
			path = Common;
			sourceTree = "<group>";
		};
		6EFAABA81C0744BF00E7688E /* Dynamics */ = {
			isa = PBXGroup;
			children = (
				6EFAABA91C0744BF00E7688E /* b2Body.cpp */,
				6EFAABAA1C0744BF00E7688E /* b2Body.h */,
				6EFAABAB1C0744BF00E7688E /* b2ContactManager.cpp */,
				6EFAABAC1C0744BF00E7688E /* b2ContactManager.h */,
				6EFAABAD1C0744BF00E7688E /* b2Fixture.cpp */,
				6EFAABAE1C0744BF00E7688E /* b2Fixture.h */,
				6EFAABAF1C0744BF00E7688E /* b2Island.cpp */,
				6EFAABB01C0744BF00E7688E /* b2Island.h */,
				6EFAABB11C0744BF00E7688E /* b2TimeStep.h */,
				6EFAABB21C0744BF00E7688E /* b2World.cpp */,
				6EFAABB31C0744BF00E7688E /* b2World.h */,
				6EFAABB41C0744BF00E7688E /* b2WorldCallbacks.cpp */,
				6EFAABB51C0744BF00E7688E /* b2WorldCallbacks.h */,
				6EFAABB61C0744BF00E7688E /* Contacts */,
				6EFAABC91C0744BF00E7688E /* Joints */,
			);
			path = Dynamics;
			sourceTree = "<group>";
		};
		6EFAABB61C0744BF00E7688E /* Contacts */ = {
			isa = PBXGroup;
			children = (
				6EFAABB71C0744BF00E7688E /* b2ChainAndCircleContact.cpp */,
				6EFAABB81C0744BF00E7688E /* b2ChainAndCircleContact.h */,
				6EFAABB91C0744BF00E7688E /* b2ChainAndPolygonContact.cpp */,
				6EFAABBA1C0744BF00E7688E /* b2ChainAndPolygonContact.h */,
				6EFAABBB1C0744BF00E7688E /* b2CircleContact.cpp */,
				6EFAABBC1C0744BF00E7688E /* b2CircleContact.h */,
				6EFAABBD1C0744BF00E7688E /* b2Contact.cpp */,
				6EFAABBE1C0744BF00E7688E /* b2Contact.h */,
				6EFAABBF1C0744BF00E7688E /* b2ContactSolver.cpp */,
				6EFAABC01C0744BF00E7688E /* b2ContactSolver.h */,
				6EFAABC11C0744BF00E7688E /* b2EdgeAndCircleContact.cpp */,
				6EFAABC21C0744BF00E7688E /* b2EdgeAndCircleContact.h */,
				6EFAABC31C0744BF00E7688E /* b2EdgeAndPolygonContact.cpp */,
				6EFAABC41C0744BF00E7688E /* b2EdgeAndPolygonContact.h */,
				6EFAABC51C0744BF00E7688E /* b2PolygonAndCircleContact.cpp */,
				6EFAABC61C0744BF00E7688E /* b2PolygonAndCircleContact.h */,
				6EFAABC71C0744BF00E7688E /* b2PolygonContact.cpp */,
				6EFAABC81C0744BF00E7688E /* b2PolygonContact.h */,
			);
			path = Contacts;
			sourceTree = "<group>";
		};
		6EFAABC91C0744BF00E7688E /* Joints */ = {
			isa = PBXGroup;
			children = (
				6EFAABCA1C0744BF00E7688E /* b2DistanceJoint.cpp */,
				6EFAABCB1C0744BF00E7688E /* b2DistanceJoint.h */,
				6EFAABCC1C0744BF00E7688E /* b2FrictionJoint.cpp */,
				6EFAABCD1C0744BF00E7688E /* b2FrictionJoint.h */,
				6EFAABCE1C0744BF00E7688E /* b2GearJoint.cpp */,
				6EFAABCF1C0744BF00E7688E /* b2GearJoint.h */,
				6EFAABD01C0744BF00E7688E /* b2Joint.cpp */,
				6EFAABD11C0744BF00E7688E /* b2Joint.h */,
				6EFAABD21C0744BF00E7688E /* b2MotorJoint.cpp */,
				6EFAABD31C0744BF00E7688E /* b2MotorJoint.h */,
				6EFAABD41C0744BF00E7688E /* b2MouseJoint.cpp */,
				6EFAABD51C0744BF00E7688E /* b2MouseJoint.h */,
				6EFAABD61C0744BF00E7688E /* b2PrismaticJoint.cpp */,
				6EFAABD71C0744BF00E7688E /* b2PrismaticJoint.h */,
				6EFAABD81C0744BF00E7688E /* b2PulleyJoint.cpp */,
				6EFAABD91C0744BF00E7688E /* b2PulleyJoint.h */,
				6EFAABDA1C0744BF00E7688E /* b2RevoluteJoint.cpp */,
				6EFAABDB1C0744BF00E7688E /* b2RevoluteJoint.h */,
				6EFAABDC1C0744BF00E7688E /* b2RopeJoint.cpp */,
				6EFAABDD1C0744BF00E7688E /* b2RopeJoint.h */,
				6EFAABDE1C0744BF00E7688E /* b2WeldJoint.cpp */,
				6EFAABDF1C0744BF00E7688E /* b2WeldJoint.h */,
				6EFAABE01C0744BF00E7688E /* b2WheelJoint.cpp */,
				6EFAABE11C0744BF00E7688E /* b2WheelJoint.h */,
			);
			path = Joints;
			sourceTree = "<group>";
		};
		6EFAABE21C0744BF00E7688E /* Rope */ = {
			isa = PBXGroup;
			children = (
				6EFAABE31C0744BF00E7688E /* b2Rope.cpp */,
				6EFAABE41C0744BF00E7688E /* b2Rope.h */,
			);
			path = Rope;
			sourceTree = "<group>";
		};
		6EFAABE51C0744BF00E7688E /* triangle */ = {
			isa = PBXGroup;
			children = (
				6EFAABE61C0744BF00E7688E /* assert.hpp */,
				6EFAABE71C0744BF00E7688E /* del_impl.cpp */,
				6EFAABE81C0744BF00E7688E /* del_interface.hpp */,
				6EFAABE91C0744BF00E7688E /* dpoint.hpp */,
				6EFAABEA1C0744BF00E7688E /* triangle.h */,
				6EFAABEB1C0744BF00E7688E /* triangle_impl.hpp */,
			);
			path = triangle;
			sourceTree = "<group>";
		};
		6EFAABEF1C0744BF00E7688E /* src */ = {
			isa = PBXGroup;
			children = (
				6EFAABF01C0744BF00E7688E /* ofxBox2d.cpp */,
				6EFAABF11C0744BF00E7688E /* ofxBox2d.h */,
				6EFAABF21C0744BF00E7688E /* ofxBox2dBaseShape.cpp */,
				6EFAABF31C0744BF00E7688E /* ofxBox2dBaseShape.h */,
				6EFAABF41C0744BF00E7688E /* ofxBox2dCircle.cpp */,
				6EFAABF51C0744BF00E7688E /* ofxBox2dCircle.h */,
				6EFAABF61C0744BF00E7688E /* ofxBox2dContactListener.h */,
				6EFAABF71C0744BF00E7688E /* ofxBox2dConvexPoly.cpp */,
				6EFAABF81C0744BF00E7688E /* ofxBox2dConvexPoly.h */,
				6EFAABF91C0744BF00E7688E /* ofxBox2dEdge.cpp */,
				6EFAABFA1C0744BF00E7688E /* ofxBox2dEdge.h */,
				6EFAABFB1C0744BF00E7688E /* ofxBox2dJoint.cpp */,
				6EFAABFC1C0744BF00E7688E /* ofxBox2dJoint.h */,
				6EFAABFD1C0744BF00E7688E /* ofxBox2dPolygon.cpp */,
				6EFAABFE1C0744BF00E7688E /* ofxBox2dPolygon.h */,
				6EFAABFF1C0744BF00E7688E /* ofxBox2dPolygonUtils.h */,
				6EFAAC001C0744BF00E7688E /* ofxBox2dRect.cpp */,
				6EFAAC011C0744BF00E7688E /* ofxBox2dRect.h */,
				6EFAAC021C0744BF00E7688E /* ofxBox2dRender.h */,
				6EFAAC031C0744BF00E7688E /* ofxBox2dUtils.h */,
			);
			path = src;
			sourceTree = "<group>";
		};
		A763ED608B35AE3310251DEE /* src */ = {
			isa = PBXGroup;
			children = (
				9604B925D32EE39065747725 /* ofxBaseGui.cpp */,
				87F26B4B24CBD428AD9EEBAA /* ofxBaseGui.h */,
				C88333E71C9457E441C33474 /* ofxButton.cpp */,
				2834D88A62CD23F3DE2C47D1 /* ofxButton.h */,
				17E65988300FBD9AAA2CD0CA /* ofxGui.h */,
				ECF8674C7975F1063C5E30CA /* ofxGuiGroup.cpp */,
				1C0DA2561397A7DE0246858B /* ofxGuiGroup.h */,
				78D67A00EB899FAC09430597 /* ofxLabel.cpp */,
				B87C60311EC1FE841C1ECD89 /* ofxLabel.h */,
				E112B3AEBEA2C091BF2B40AE /* ofxPanel.cpp */,
				89449E3044D456F7DE7BEA14 /* ofxPanel.h */,
				15F2C6477A769C03A56D1401 /* ofxSlider.cpp */,
				52AFA1F08C420992CAAAE648 /* ofxSlider.h */,
				802251BAF1B35B1D67B32FD0 /* ofxSliderGroup.cpp */,
				C70D8946940288799E82131E /* ofxSliderGroup.h */,
				907C5B5E104864A2D3A25745 /* ofxToggle.cpp */,
				0A1DAC09F322AE313A40706D /* ofxToggle.h */,
			);
			name = src;
			sourceTree = "<group>";
		};
		B2CE5ADB186450FD5727CFC0 /* src */ = {
			isa = PBXGroup;
			children = (
				87FD956C40B7BB133199D01C /* ticks.cpp */,
				E371A0EFB21319938E7BA6CD /* urg_connection.c */,
				AEB5B6C7EC0221E06E854B71 /* urg_debug.c */,
				C9C7DFDBE33358395A1FC714 /* Urg_driver.cpp */,
				5D6EBDBF1C3C4D703EF2092F /* urg_ring_buffer.c */,
				DC3B69D4B7EA24DE72D8CC4E /* urg_sensor.c */,
				9B7309DF6C97DC940F74B9B8 /* urg_serial.c */,
				69544655D52AB4F96506368B /* urg_serial_utils.c */,
				23D2D01E0BD6C10D040EC79E /* urg_tcpclient.c */,
				CAFB58020AF7F07AB0C56D74 /* urg_utils.c */,
			);
			name = src;
			sourceTree = "<group>";
		};
		BB4B014C10F69532006C3DED /* addons */ = {
			isa = PBXGroup;
			children = (
				6EFAAA401C0744BB00E7688E /* ofxBox2d */,
				480A780D8D0308AE4A368801 /* ofxGui */,
				D2AB221E7B134D8D24C7F71B /* ofxUrg */,
			);
			name = addons;
			sourceTree = "<group>";
		};
		BBAB23C913894ECA00AA2426 /* system frameworks */ = {
			isa = PBXGroup;
			children = (
				E7F985F515E0DE99003869B5 /* Accelerate.framework */,
				E4C2424410CC5A17004149E2 /* AppKit.framework */,
				E4C2424510CC5A17004149E2 /* Cocoa.framework */,
				E4C2424610CC5A17004149E2 /* IOKit.framework */,
				E45BE9710E8CC7DD009D7055 /* AGL.framework */,
				E45BE9720E8CC7DD009D7055 /* ApplicationServices.framework */,
				E45BE9730E8CC7DD009D7055 /* AudioToolbox.framework */,
				E45BE9750E8CC7DD009D7055 /* CoreAudio.framework */,
				E45BE9760E8CC7DD009D7055 /* CoreFoundation.framework */,
				E45BE9770E8CC7DD009D7055 /* CoreServices.framework */,
				E45BE9790E8CC7DD009D7055 /* OpenGL.framework */,
				E45BE97A0E8CC7DD009D7055 /* QuickTime.framework */,
				E7E077E415D3B63C0020DFD4 /* CoreVideo.framework */,
				E7E077E715D3B6510020DFD4 /* QTKit.framework */,
			);
			name = "system frameworks";
			sourceTree = "<group>";
		};
		BBAB23CA13894EDB00AA2426 /* 3rd party frameworks */ = {
			isa = PBXGroup;
			children = (
				BBAB23BE13894E4700AA2426 /* GLUT.framework */,
			);
			name = "3rd party frameworks";
			sourceTree = "<group>";
		};
		D2AB221E7B134D8D24C7F71B /* ofxUrg */ = {
			isa = PBXGroup;
			children = (
				6E74489959DDAB8B03123BC1 /* src */,
				66281C8D46BDF785D6E012A4 /* libs */,
			);
			name = ofxUrg;
			sourceTree = "<group>";
		};
		E4328144138ABC890047C5CB /* Products */ = {
			isa = PBXGroup;
			children = (
				E4328148138ABC890047C5CB /* openFrameworksDebug.a */,
			);
			name = Products;
			sourceTree = "<group>";
		};
		E45BE5980E8CC70C009D7055 /* frameworks */ = {
			isa = PBXGroup;
			children = (
				BBAB23CA13894EDB00AA2426 /* 3rd party frameworks */,
				BBAB23C913894ECA00AA2426 /* system frameworks */,
			);
			name = frameworks;
			sourceTree = "<group>";
		};
		E4B69B4A0A3A1720003C02F2 = {
			isa = PBXGroup;
			children = (
				E4B6FCAD0C3E899E008CF71C /* openFrameworks-Info.plist */,
				E4EB6923138AFD0F00A09F29 /* Project.xcconfig */,
				E4B69E1C0A3A1BDC003C02F2 /* src */,
				E4EEC9E9138DF44700A80321 /* openFrameworks */,
				BB4B014C10F69532006C3DED /* addons */,
				E45BE5980E8CC70C009D7055 /* frameworks */,
				E4B69B5B0A3A1756003C02F2 /* cygnus_urgDebug.app */,
			);
			sourceTree = "<group>";
		};
		E4B69E1C0A3A1BDC003C02F2 /* src */ = {
			isa = PBXGroup;
			children = (
				E4B69E1D0A3A1BDC003C02F2 /* main.cpp */,
				E4B69E1E0A3A1BDC003C02F2 /* ofApp.cpp */,
				E4B69E1F0A3A1BDC003C02F2 /* ofApp.h */,
				6EDBF2A61BEE0E8600049290 /* particle.cpp */,
				6EDBF2A71BEE0E8600049290 /* particle.hpp */,
				6EDBF2AC1BEEE29B00049290 /* urg.cpp */,
				6EDBF2AD1BEEE29B00049290 /* urg.hpp */,
			);
			path = src;
			sourceTree = SOURCE_ROOT;
		};
		E4EEC9E9138DF44700A80321 /* openFrameworks */ = {
			isa = PBXGroup;
			children = (
				E4EB691F138AFCF100A09F29 /* CoreOF.xcconfig */,
				E4328143138ABC890047C5CB /* openFrameworksLib.xcodeproj */,
			);
			name = openFrameworks;
			sourceTree = "<group>";
		};
		F473FBAFD011FB3187700C71 /* urg_library */ = {
			isa = PBXGroup;
			children = (
				65181AB4D0C9ABB18E8CFD09 /* include */,
				B2CE5ADB186450FD5727CFC0 /* src */,
			);
			name = urg_library;
			sourceTree = "<group>";
		};
/* End PBXGroup section */

/* Begin PBXNativeTarget section */
		E4B69B5A0A3A1756003C02F2 /* cygnus_urg */ = {
			isa = PBXNativeTarget;
			buildConfigurationList = E4B69B5F0A3A1757003C02F2 /* Build configuration list for PBXNativeTarget "cygnus_urg" */;
			buildPhases = (
				E4B69B580A3A1756003C02F2 /* Sources */,
				E4B69B590A3A1756003C02F2 /* Frameworks */,
				E4B6FFFD0C3F9AB9008CF71C /* ShellScript */,
				E4C2427710CC5ABF004149E2 /* CopyFiles */,
			);
			buildRules = (
			);
			dependencies = (
				E4EEB9AC138B136A00A80321 /* PBXTargetDependency */,
			);
			name = cygnus_urg;
			productName = myOFApp;
			productReference = E4B69B5B0A3A1756003C02F2 /* cygnus_urgDebug.app */;
			productType = "com.apple.product-type.application";
		};
/* End PBXNativeTarget section */

/* Begin PBXProject section */
		E4B69B4C0A3A1720003C02F2 /* Project object */ = {
			isa = PBXProject;
			attributes = {
				LastUpgradeCheck = 0460;
			};
			buildConfigurationList = E4B69B4D0A3A1720003C02F2 /* Build configuration list for PBXProject "cygnus_urg" */;
			compatibilityVersion = "Xcode 3.2";
			developmentRegion = English;
			hasScannedForEncodings = 0;
			knownRegions = (
				English,
				Japanese,
				French,
				German,
			);
			mainGroup = E4B69B4A0A3A1720003C02F2;
			productRefGroup = E4B69B4A0A3A1720003C02F2;
			projectDirPath = "";
			projectReferences = (
				{
					ProductGroup = E4328144138ABC890047C5CB /* Products */;
					ProjectRef = E4328143138ABC890047C5CB /* openFrameworksLib.xcodeproj */;
				},
			);
			projectRoot = "";
			targets = (
				E4B69B5A0A3A1756003C02F2 /* cygnus_urg */,
			);
		};
/* End PBXProject section */

/* Begin PBXReferenceProxy section */
		E4328148138ABC890047C5CB /* openFrameworksDebug.a */ = {
			isa = PBXReferenceProxy;
			fileType = archive.ar;
			path = openFrameworksDebug.a;
			remoteRef = E4328147138ABC890047C5CB /* PBXContainerItemProxy */;
			sourceTree = BUILT_PRODUCTS_DIR;
		};
/* End PBXReferenceProxy section */

/* Begin PBXShellScriptBuildPhase section */
		E4B6FFFD0C3F9AB9008CF71C /* ShellScript */ = {
			isa = PBXShellScriptBuildPhase;
			buildActionMask = 2147483647;
			files = (
			);
			inputPaths = (
			);
			outputPaths = (
			);
			runOnlyForDeploymentPostprocessing = 0;
			shellPath = /bin/sh;
			shellScript = "cp -f ../../../libs/fmodex/lib/osx/libfmodex.dylib \"$TARGET_BUILD_DIR/$PRODUCT_NAME.app/Contents/MacOS/libfmodex.dylib\"; install_name_tool -change ./libfmodex.dylib @executable_path/libfmodex.dylib \"$TARGET_BUILD_DIR/$PRODUCT_NAME.app/Contents/MacOS/$PRODUCT_NAME\";\nmkdir -p \"$TARGET_BUILD_DIR/$PRODUCT_NAME.app/Contents/Resources/\"\ncp -f \"$ICON_FILE\" \"$TARGET_BUILD_DIR/$PRODUCT_NAME.app/Contents/Resources/\"\n";
		};
/* End PBXShellScriptBuildPhase section */

/* Begin PBXSourcesBuildPhase section */
		E4B69B580A3A1756003C02F2 /* Sources */ = {
			isa = PBXSourcesBuildPhase;
			buildActionMask = 2147483647;
			files = (
				6EFAAC351C0744BF00E7688E /* b2PolygonShape.cpp in Sources */,
				6EFAAC581C0744BF00E7688E /* del_impl.cpp in Sources */,
				6EFAAC371C0744BF00E7688E /* b2Draw.cpp in Sources */,
				E4B69E200A3A1BDC003C02F2 /* main.cpp in Sources */,
				6EFAAC511C0744BF00E7688E /* b2PrismaticJoint.cpp in Sources */,
				6EFAAC3A1C0744BF00E7688E /* b2StackAllocator.cpp in Sources */,
				6EFAAC441C0744BF00E7688E /* b2CircleContact.cpp in Sources */,
				6EFAAC551C0744BF00E7688E /* b2WeldJoint.cpp in Sources */,
				6EFAAC361C0744BF00E7688E /* b2BlockAllocator.cpp in Sources */,
				6EFAAC541C0744BF00E7688E /* b2RopeJoint.cpp in Sources */,
				6EFAAC2F1C0744BF00E7688E /* b2Distance.cpp in Sources */,
				6EFAAC411C0744BF00E7688E /* b2WorldCallbacks.cpp in Sources */,
				E4B69E210A3A1BDC003C02F2 /* ofApp.cpp in Sources */,
				6EFAAC491C0744BF00E7688E /* b2PolygonAndCircleContact.cpp in Sources */,
				6EFAAC391C0744BF00E7688E /* b2Settings.cpp in Sources */,
				856AA354D08AB4B323081444 /* ofxBaseGui.cpp in Sources */,
				6EFAAC5D1C0744BF00E7688E /* ofxBox2dConvexPoly.cpp in Sources */,
				6EFAAC4D1C0744BF00E7688E /* b2GearJoint.cpp in Sources */,
				5CBB2AB3A60F65431D7B555D /* ofxButton.cpp in Sources */,
				6EFAAC4C1C0744BF00E7688E /* b2FrictionJoint.cpp in Sources */,
				6EFAAC601C0744BF00E7688E /* ofxBox2dPolygon.cpp in Sources */,
				6EFAAC4F1C0744BF00E7688E /* b2MotorJoint.cpp in Sources */,
				6EFAAC2B1C0744BF00E7688E /* b2CollideCircle.cpp in Sources */,
				6EFAAC471C0744BF00E7688E /* b2EdgeAndCircleContact.cpp in Sources */,
				6EFAAC561C0744BF00E7688E /* b2WheelJoint.cpp in Sources */,
				B266578FC55D23BFEBC042E7 /* ofxGuiGroup.cpp in Sources */,
				483908258D00B98B4BE69F07 /* ofxLabel.cpp in Sources */,
				6EFAAC5A1C0744BF00E7688E /* ofxBox2d.cpp in Sources */,
				6EFAAC2E1C0744BF00E7688E /* b2Collision.cpp in Sources */,
				6EFAAC591C0744BF00E7688E /* README.md in Sources */,
				6EFAAC331C0744BF00E7688E /* b2CircleShape.cpp in Sources */,
				6EFAAC4A1C0744BF00E7688E /* b2PolygonContact.cpp in Sources */,
				6EFAAC2C1C0744BF00E7688E /* b2CollideEdge.cpp in Sources */,
				6EDBF2AE1BEEE29B00049290 /* urg.cpp in Sources */,
				6EFAAC321C0744BF00E7688E /* b2ChainShape.cpp in Sources */,
				6EFAAC531C0744BF00E7688E /* b2RevoluteJoint.cpp in Sources */,
				F285EB3169F1566CA3D93C20 /* ofxPanel.cpp in Sources */,
				6EFAAC521C0744BF00E7688E /* b2PulleyJoint.cpp in Sources */,
				837220E80EB56CD44AD27F2A /* ofxSlider.cpp in Sources */,
				6EFAAC431C0744BF00E7688E /* b2ChainAndPolygonContact.cpp in Sources */,
				6EFAAC5B1C0744BF00E7688E /* ofxBox2dBaseShape.cpp in Sources */,
				6EDBF2A81BEE0E8600049290 /* particle.cpp in Sources */,
				B56FE57CC35806596D38118C /* ofxSliderGroup.cpp in Sources */,
				6EFAAC451C0744BF00E7688E /* b2Contact.cpp in Sources */,
				6EFAAC3F1C0744BF00E7688E /* b2Island.cpp in Sources */,
				1CD33E884D9E3358252E82A1 /* ofxToggle.cpp in Sources */,
				752026AAFC25FBCD17DBC22F /* ticks.cpp in Sources */,
				6EFAAC3D1C0744BF00E7688E /* b2ContactManager.cpp in Sources */,
				6EFAAC5E1C0744BF00E7688E /* ofxBox2dEdge.cpp in Sources */,
				6EFAAC301C0744BF00E7688E /* b2DynamicTree.cpp in Sources */,
				6EFAAC5F1C0744BF00E7688E /* ofxBox2dJoint.cpp in Sources */,
				6EFAAC461C0744BF00E7688E /* b2ContactSolver.cpp in Sources */,
				6EFAAC4E1C0744BF00E7688E /* b2Joint.cpp in Sources */,
				20A5A745CA2D84C86E037F5D /* urg_connection.c in Sources */,
				1B6F8D7C1E1BC9A1E3A741BD /* urg_debug.c in Sources */,
				6EFAAC501C0744BF00E7688E /* b2MouseJoint.cpp in Sources */,
				6EFAAC5C1C0744BF00E7688E /* ofxBox2dCircle.cpp in Sources */,
				70B5DB1E7A98020F3F3349A2 /* Urg_driver.cpp in Sources */,
				FC93BFA048572C85A51226CD /* urg_ring_buffer.c in Sources */,
				6EFAAC311C0744BF00E7688E /* b2TimeOfImpact.cpp in Sources */,
				6EFAAC3C1C0744BF00E7688E /* b2Body.cpp in Sources */,
				6EFAAC381C0744BF00E7688E /* b2Math.cpp in Sources */,
				6EFAAC4B1C0744BF00E7688E /* b2DistanceJoint.cpp in Sources */,
				6EFAAC2A1C0744BF00E7688E /* b2BroadPhase.cpp in Sources */,
				9194271E68C7F705E6678E20 /* urg_sensor.c in Sources */,
				6EFAAC401C0744BF00E7688E /* b2World.cpp in Sources */,
				6EFAAC3B1C0744BF00E7688E /* b2Timer.cpp in Sources */,
				6EFAAC571C0744BF00E7688E /* b2Rope.cpp in Sources */,
				6EFAAC481C0744BF00E7688E /* b2EdgeAndPolygonContact.cpp in Sources */,
				6EFAAC341C0744BF00E7688E /* b2EdgeShape.cpp in Sources */,
				6EFAAC421C0744BF00E7688E /* b2ChainAndCircleContact.cpp in Sources */,
				7469AB3AA235B3F315403315 /* urg_serial.c in Sources */,
				CE4FEF9459C9738DD0A74178 /* urg_serial_utils.c in Sources */,
				493CC0B9808962FEF69E821D /* urg_tcpclient.c in Sources */,
				6EFAAC611C0744BF00E7688E /* ofxBox2dRect.cpp in Sources */,
				6EFAAC2D1C0744BF00E7688E /* b2CollidePolygon.cpp in Sources */,
				4530C78B32270BB034D30449 /* urg_utils.c in Sources */,
				6EFAAC3E1C0744BF00E7688E /* b2Fixture.cpp in Sources */,
			);
			runOnlyForDeploymentPostprocessing = 0;
		};
/* End PBXSourcesBuildPhase section */

/* Begin PBXTargetDependency section */
		E4EEB9AC138B136A00A80321 /* PBXTargetDependency */ = {
			isa = PBXTargetDependency;
			name = openFrameworks;
			targetProxy = E4EEB9AB138B136A00A80321 /* PBXContainerItemProxy */;
		};
/* End PBXTargetDependency section */

/* Begin XCBuildConfiguration section */
		E4B69B4E0A3A1720003C02F2 /* Debug */ = {
			isa = XCBuildConfiguration;
			baseConfigurationReference = E4EB6923138AFD0F00A09F29 /* Project.xcconfig */;
			buildSettings = {
				ARCHS = "$(NATIVE_ARCH)";
				CONFIGURATION_BUILD_DIR = "$(SRCROOT)/bin/";
				COPY_PHASE_STRIP = NO;
				DEAD_CODE_STRIPPING = YES;
				GCC_AUTO_VECTORIZATION = YES;
				GCC_ENABLE_SSE3_EXTENSIONS = YES;
				GCC_ENABLE_SUPPLEMENTAL_SSE3_INSTRUCTIONS = YES;
				GCC_INLINES_ARE_PRIVATE_EXTERN = NO;
				GCC_OPTIMIZATION_LEVEL = 0;
				GCC_SYMBOLS_PRIVATE_EXTERN = NO;
				GCC_WARN_ABOUT_DEPRECATED_FUNCTIONS = YES;
				GCC_WARN_ABOUT_INVALID_OFFSETOF_MACRO = NO;
				GCC_WARN_ALLOW_INCOMPLETE_PROTOCOL = NO;
				GCC_WARN_UNINITIALIZED_AUTOS = NO;
				GCC_WARN_UNUSED_VALUE = NO;
				GCC_WARN_UNUSED_VARIABLE = NO;
				HEADER_SEARCH_PATHS = (
					"$(OF_CORE_HEADERS)",
					../../../addons/ofxGui/libs,
					../../../addons/ofxGui/src,
					../../../addons/ofxUrg/libs,
					../../../addons/ofxUrg/libs/urg_library,
					../../../addons/ofxUrg/libs/urg_library/include,
					../../../addons/ofxUrg/libs/urg_library/src,
					../../../addons/ofxUrg/src,
				);
				MACOSX_DEPLOYMENT_TARGET = 10.11;
				OTHER_CPLUSPLUSFLAGS = (
					"-D__MACOSX_CORE__",
					"-lpthread",
					"-mtune=native",
				);
				SDKROOT = macosx;
			};
			name = Debug;
		};
		E4B69B4F0A3A1720003C02F2 /* Release */ = {
			isa = XCBuildConfiguration;
			baseConfigurationReference = E4EB6923138AFD0F00A09F29 /* Project.xcconfig */;
			buildSettings = {
				ARCHS = "$(NATIVE_ARCH)";
				CONFIGURATION_BUILD_DIR = "$(SRCROOT)/bin/";
				COPY_PHASE_STRIP = YES;
				DEAD_CODE_STRIPPING = YES;
				GCC_AUTO_VECTORIZATION = YES;
				GCC_ENABLE_SSE3_EXTENSIONS = YES;
				GCC_ENABLE_SUPPLEMENTAL_SSE3_INSTRUCTIONS = YES;
				GCC_INLINES_ARE_PRIVATE_EXTERN = NO;
				GCC_OPTIMIZATION_LEVEL = 3;
				GCC_SYMBOLS_PRIVATE_EXTERN = NO;
				GCC_UNROLL_LOOPS = YES;
				GCC_WARN_ABOUT_DEPRECATED_FUNCTIONS = YES;
				GCC_WARN_ABOUT_INVALID_OFFSETOF_MACRO = NO;
				GCC_WARN_ALLOW_INCOMPLETE_PROTOCOL = NO;
				GCC_WARN_UNINITIALIZED_AUTOS = NO;
				GCC_WARN_UNUSED_VALUE = NO;
				GCC_WARN_UNUSED_VARIABLE = NO;
				HEADER_SEARCH_PATHS = (
					"$(OF_CORE_HEADERS)",
					../../../addons/ofxGui/libs,
					../../../addons/ofxGui/src,
					../../../addons/ofxUrg/libs,
					../../../addons/ofxUrg/libs/urg_library,
					../../../addons/ofxUrg/libs/urg_library/include,
					../../../addons/ofxUrg/libs/urg_library/src,
					../../../addons/ofxUrg/src,
				);
				MACOSX_DEPLOYMENT_TARGET = 10.11;
				OTHER_CPLUSPLUSFLAGS = (
					"-D__MACOSX_CORE__",
					"-lpthread",
					"-mtune=native",
				);
				SDKROOT = macosx;
			};
			name = Release;
		};
		E4B69B600A3A1757003C02F2 /* Debug */ = {
			isa = XCBuildConfiguration;
			buildSettings = {
				COMBINE_HIDPI_IMAGES = YES;
				COPY_PHASE_STRIP = NO;
				FRAMEWORK_SEARCH_PATHS = (
					"$(inherited)",
					"$(FRAMEWORK_SEARCH_PATHS_QUOTED_FOR_TARGET_1)",
				);
				FRAMEWORK_SEARCH_PATHS_QUOTED_FOR_TARGET_1 = "\"$(SRCROOT)/../../../libs/glut/lib/osx\"";
				GCC_DYNAMIC_NO_PIC = NO;
				GCC_GENERATE_DEBUGGING_SYMBOLS = YES;
				GCC_MODEL_TUNING = NONE;
				HEADER_SEARCH_PATHS = (
					"$(OF_CORE_HEADERS)",
					../../../addons/ofxGui/libs,
					../../../addons/ofxGui/src,
					../../../addons/ofxUrg/libs,
					../../../addons/ofxUrg/libs/urg_library,
					../../../addons/ofxUrg/libs/urg_library/include,
					../../../addons/ofxUrg/libs/urg_library/src,
					../../../addons/ofxUrg/src,
					../../../addons/ofxBox2d/libs,
				);
				ICON = "$(ICON_NAME_DEBUG)";
				ICON_FILE = "$(ICON_FILE_PATH)$(ICON)";
				INFOPLIST_FILE = "openFrameworks-Info.plist";
				INSTALL_PATH = "$(HOME)/Applications";
				LIBRARY_SEARCH_PATHS = (
					"$(inherited)",
					"$(LIBRARY_SEARCH_PATHS_QUOTED_FOR_TARGET_1)",
					"$(LIBRARY_SEARCH_PATHS_QUOTED_FOR_TARGET_2)",
					"$(LIBRARY_SEARCH_PATHS_QUOTED_FOR_TARGET_3)",
					"$(LIBRARY_SEARCH_PATHS_QUOTED_FOR_TARGET_4)",
					"$(LIBRARY_SEARCH_PATHS_QUOTED_FOR_TARGET_5)",
					"$(LIBRARY_SEARCH_PATHS_QUOTED_FOR_TARGET_6)",
					"$(LIBRARY_SEARCH_PATHS_QUOTED_FOR_TARGET_7)",
					"$(LIBRARY_SEARCH_PATHS_QUOTED_FOR_TARGET_8)",
					"$(LIBRARY_SEARCH_PATHS_QUOTED_FOR_TARGET_9)",
					"$(LIBRARY_SEARCH_PATHS_QUOTED_FOR_TARGET_10)",
					"$(LIBRARY_SEARCH_PATHS_QUOTED_FOR_TARGET_11)",
					"$(LIBRARY_SEARCH_PATHS_QUOTED_FOR_TARGET_12)",
					"$(LIBRARY_SEARCH_PATHS_QUOTED_FOR_TARGET_13)",
					"$(LIBRARY_SEARCH_PATHS_QUOTED_FOR_TARGET_14)",
					"$(LIBRARY_SEARCH_PATHS_QUOTED_FOR_TARGET_15)",
					"$(LIBRARY_SEARCH_PATHS_QUOTED_FOR_TARGET_2)",
					"$(LIBRARY_SEARCH_PATHS_QUOTED_FOR_TARGET_3)",
					"$(LIBRARY_SEARCH_PATHS_QUOTED_FOR_TARGET_7)",
					"$(LIBRARY_SEARCH_PATHS_QUOTED_FOR_TARGET_8)",
					"$(LIBRARY_SEARCH_PATHS_QUOTED_FOR_TARGET_9)",
					"$(LIBRARY_SEARCH_PATHS_QUOTED_FOR_TARGET_10)",
					"$(LIBRARY_SEARCH_PATHS_QUOTED_FOR_TARGET_11)",
					"$(LIBRARY_SEARCH_PATHS_QUOTED_FOR_TARGET_12)",
					"$(LIBRARY_SEARCH_PATHS_QUOTED_FOR_TARGET_13)",
					"$(LIBRARY_SEARCH_PATHS_QUOTED_FOR_TARGET_16)",
					"$(LIBRARY_SEARCH_PATHS_QUOTED_FOR_TARGET_17)",
					"$(LIBRARY_SEARCH_PATHS_QUOTED_FOR_TARGET_18)",
					"$(LIBRARY_SEARCH_PATHS_QUOTED_FOR_TARGET_19)",
					"$(LIBRARY_SEARCH_PATHS_QUOTED_FOR_TARGET_20)",
					"$(LIBRARY_SEARCH_PATHS_QUOTED_FOR_TARGET_21)",
					"$(LIBRARY_SEARCH_PATHS_QUOTED_FOR_TARGET_22)",
					"$(LIBRARY_SEARCH_PATHS_QUOTED_FOR_TARGET_23)",
					"$(LIBRARY_SEARCH_PATHS_QUOTED_FOR_TARGET_24)",
					"$(LIBRARY_SEARCH_PATHS_QUOTED_FOR_TARGET_25)",
					"$(LIBRARY_SEARCH_PATHS_QUOTED_FOR_TARGET_26)",
					"$(LIBRARY_SEARCH_PATHS_QUOTED_FOR_TARGET_27)",
					"$(LIBRARY_SEARCH_PATHS_QUOTED_FOR_TARGET_28)",
					"$(LIBRARY_SEARCH_PATHS_QUOTED_FOR_TARGET_29)",
					"$(LIBRARY_SEARCH_PATHS_QUOTED_FOR_TARGET_30)",
					"$(LIBRARY_SEARCH_PATHS_QUOTED_FOR_TARGET_31)",
					"$(LIBRARY_SEARCH_PATHS_QUOTED_FOR_TARGET_32)",
					"$(LIBRARY_SEARCH_PATHS_QUOTED_FOR_TARGET_33)",
					"$(LIBRARY_SEARCH_PATHS_QUOTED_FOR_TARGET_34)",
					"$(LIBRARY_SEARCH_PATHS_QUOTED_FOR_TARGET_35)",
					"$(LIBRARY_SEARCH_PATHS_QUOTED_FOR_TARGET_36)",
					"$(LIBRARY_SEARCH_PATHS_QUOTED_FOR_TARGET_37)",
					"$(LIBRARY_SEARCH_PATHS_QUOTED_FOR_TARGET_38)",
					"$(LIBRARY_SEARCH_PATHS_QUOTED_FOR_TARGET_39)",
					"$(LIBRARY_SEARCH_PATHS_QUOTED_FOR_TARGET_40)",
					"$(LIBRARY_SEARCH_PATHS_QUOTED_FOR_TARGET_41)",
					"$(LIBRARY_SEARCH_PATHS_QUOTED_FOR_TARGET_42)",
					"$(LIBRARY_SEARCH_PATHS_QUOTED_FOR_TARGET_43)",
					"$(LIBRARY_SEARCH_PATHS_QUOTED_FOR_TARGET_44)",
					"$(LIBRARY_SEARCH_PATHS_QUOTED_FOR_TARGET_45)",
					"$(LIBRARY_SEARCH_PATHS_QUOTED_FOR_TARGET_46)",
					"$(LIBRARY_SEARCH_PATHS_QUOTED_FOR_TARGET_47)",
					"$(LIBRARY_SEARCH_PATHS_QUOTED_FOR_TARGET_48)",
					"$(LIBRARY_SEARCH_PATHS_QUOTED_FOR_TARGET_49)",
					"$(LIBRARY_SEARCH_PATHS_QUOTED_FOR_TARGET_50)",
					"$(LIBRARY_SEARCH_PATHS_QUOTED_FOR_TARGET_51)",
					"$(LIBRARY_SEARCH_PATHS_QUOTED_FOR_TARGET_52)",
				);
				MACOSX_DEPLOYMENT_TARGET = 10.10;
				PRODUCT_NAME = "$(TARGET_NAME)Debug";
				SDKROOT = macosx10.10;
				WRAPPER_EXTENSION = app;
			};
			name = Debug;
		};
		E4B69B610A3A1757003C02F2 /* Release */ = {
			isa = XCBuildConfiguration;
			buildSettings = {
				COMBINE_HIDPI_IMAGES = YES;
				COPY_PHASE_STRIP = YES;
				FRAMEWORK_SEARCH_PATHS = (
					"$(inherited)",
					"$(FRAMEWORK_SEARCH_PATHS_QUOTED_FOR_TARGET_1)",
				);
				FRAMEWORK_SEARCH_PATHS_QUOTED_FOR_TARGET_1 = "\"$(SRCROOT)/../../../libs/glut/lib/osx\"";
				GCC_GENERATE_DEBUGGING_SYMBOLS = YES;
				GCC_MODEL_TUNING = NONE;
				HEADER_SEARCH_PATHS = (
					"$(OF_CORE_HEADERS)",
					../../../addons/ofxGui/libs,
					../../../addons/ofxGui/src,
					../../../addons/ofxUrg/libs,
					../../../addons/ofxUrg/libs/urg_library,
					../../../addons/ofxUrg/libs/urg_library/include,
					../../../addons/ofxUrg/libs/urg_library/src,
					../../../addons/ofxUrg/src,
					../../../addons/ofxBox2d/libs,
				);
				ICON = "$(ICON_NAME_RELEASE)";
				ICON_FILE = "$(ICON_FILE_PATH)$(ICON)";
				INFOPLIST_FILE = "openFrameworks-Info.plist";
				INSTALL_PATH = "$(HOME)/Applications";
				LIBRARY_SEARCH_PATHS = (
					"$(inherited)",
					"$(LIBRARY_SEARCH_PATHS_QUOTED_FOR_TARGET_1)",
					"$(LIBRARY_SEARCH_PATHS_QUOTED_FOR_TARGET_2)",
					"$(LIBRARY_SEARCH_PATHS_QUOTED_FOR_TARGET_3)",
					"$(LIBRARY_SEARCH_PATHS_QUOTED_FOR_TARGET_4)",
					"$(LIBRARY_SEARCH_PATHS_QUOTED_FOR_TARGET_5)",
					"$(LIBRARY_SEARCH_PATHS_QUOTED_FOR_TARGET_6)",
					"$(LIBRARY_SEARCH_PATHS_QUOTED_FOR_TARGET_7)",
					"$(LIBRARY_SEARCH_PATHS_QUOTED_FOR_TARGET_8)",
					"$(LIBRARY_SEARCH_PATHS_QUOTED_FOR_TARGET_9)",
					"$(LIBRARY_SEARCH_PATHS_QUOTED_FOR_TARGET_10)",
					"$(LIBRARY_SEARCH_PATHS_QUOTED_FOR_TARGET_11)",
					"$(LIBRARY_SEARCH_PATHS_QUOTED_FOR_TARGET_12)",
					"$(LIBRARY_SEARCH_PATHS_QUOTED_FOR_TARGET_13)",
					"$(LIBRARY_SEARCH_PATHS_QUOTED_FOR_TARGET_14)",
					"$(LIBRARY_SEARCH_PATHS_QUOTED_FOR_TARGET_15)",
					"$(LIBRARY_SEARCH_PATHS_QUOTED_FOR_TARGET_2)",
					"$(LIBRARY_SEARCH_PATHS_QUOTED_1)",
					"$(LIBRARY_SEARCH_PATHS_QUOTED_FOR_TARGET_3)",
					"$(LIBRARY_SEARCH_PATHS_QUOTED_FOR_TARGET_7)",
					"$(LIBRARY_SEARCH_PATHS_QUOTED_FOR_TARGET_8)",
					"$(LIBRARY_SEARCH_PATHS_QUOTED_FOR_TARGET_9)",
					"$(LIBRARY_SEARCH_PATHS_QUOTED_FOR_TARGET_10)",
					"$(LIBRARY_SEARCH_PATHS_QUOTED_FOR_TARGET_11)",
					"$(LIBRARY_SEARCH_PATHS_QUOTED_FOR_TARGET_12)",
					"$(LIBRARY_SEARCH_PATHS_QUOTED_FOR_TARGET_13)",
					"$(LIBRARY_SEARCH_PATHS_QUOTED_FOR_TARGET_16)",
					"$(LIBRARY_SEARCH_PATHS_QUOTED_FOR_TARGET_17)",
					"$(LIBRARY_SEARCH_PATHS_QUOTED_FOR_TARGET_18)",
					"$(LIBRARY_SEARCH_PATHS_QUOTED_FOR_TARGET_19)",
					"$(LIBRARY_SEARCH_PATHS_QUOTED_FOR_TARGET_20)",
					"$(LIBRARY_SEARCH_PATHS_QUOTED_FOR_TARGET_21)",
					"$(LIBRARY_SEARCH_PATHS_QUOTED_FOR_TARGET_22)",
					"$(LIBRARY_SEARCH_PATHS_QUOTED_FOR_TARGET_23)",
					"$(LIBRARY_SEARCH_PATHS_QUOTED_FOR_TARGET_24)",
					"$(LIBRARY_SEARCH_PATHS_QUOTED_FOR_TARGET_25)",
					"$(LIBRARY_SEARCH_PATHS_QUOTED_FOR_TARGET_26)",
					"$(LIBRARY_SEARCH_PATHS_QUOTED_FOR_TARGET_27)",
					"$(LIBRARY_SEARCH_PATHS_QUOTED_FOR_TARGET_28)",
					"$(LIBRARY_SEARCH_PATHS_QUOTED_FOR_TARGET_29)",
					"$(LIBRARY_SEARCH_PATHS_QUOTED_FOR_TARGET_30)",
					"$(LIBRARY_SEARCH_PATHS_QUOTED_FOR_TARGET_31)",
					"$(LIBRARY_SEARCH_PATHS_QUOTED_FOR_TARGET_32)",
					"$(LIBRARY_SEARCH_PATHS_QUOTED_FOR_TARGET_33)",
					"$(LIBRARY_SEARCH_PATHS_QUOTED_FOR_TARGET_34)",
					"$(LIBRARY_SEARCH_PATHS_QUOTED_FOR_TARGET_35)",
					"$(LIBRARY_SEARCH_PATHS_QUOTED_FOR_TARGET_36)",
					"$(LIBRARY_SEARCH_PATHS_QUOTED_FOR_TARGET_37)",
					"$(LIBRARY_SEARCH_PATHS_QUOTED_FOR_TARGET_38)",
					"$(LIBRARY_SEARCH_PATHS_QUOTED_FOR_TARGET_39)",
					"$(LIBRARY_SEARCH_PATHS_QUOTED_FOR_TARGET_40)",
					"$(LIBRARY_SEARCH_PATHS_QUOTED_FOR_TARGET_41)",
					"$(LIBRARY_SEARCH_PATHS_QUOTED_FOR_TARGET_42)",
					"$(LIBRARY_SEARCH_PATHS_QUOTED_FOR_TARGET_43)",
					"$(LIBRARY_SEARCH_PATHS_QUOTED_FOR_TARGET_44)",
					"$(LIBRARY_SEARCH_PATHS_QUOTED_FOR_TARGET_45)",
					"$(LIBRARY_SEARCH_PATHS_QUOTED_FOR_TARGET_46)",
					"$(LIBRARY_SEARCH_PATHS_QUOTED_FOR_TARGET_47)",
					"$(LIBRARY_SEARCH_PATHS_QUOTED_FOR_TARGET_48)",
					"$(LIBRARY_SEARCH_PATHS_QUOTED_FOR_TARGET_49)",
					"$(LIBRARY_SEARCH_PATHS_QUOTED_FOR_TARGET_50)",
					"$(LIBRARY_SEARCH_PATHS_QUOTED_FOR_TARGET_51)",
				);
				MACOSX_DEPLOYMENT_TARGET = 10.10;
				PRODUCT_NAME = "$(TARGET_NAME)";
				SDKROOT = macosx10.10;
				WRAPPER_EXTENSION = app;
			};
			name = Release;
		};
/* End XCBuildConfiguration section */

/* Begin XCConfigurationList section */
		E4B69B4D0A3A1720003C02F2 /* Build configuration list for PBXProject "cygnus_urg" */ = {
			isa = XCConfigurationList;
			buildConfigurations = (
				E4B69B4E0A3A1720003C02F2 /* Debug */,
				E4B69B4F0A3A1720003C02F2 /* Release */,
			);
			defaultConfigurationIsVisible = 0;
			defaultConfigurationName = Release;
		};
		E4B69B5F0A3A1757003C02F2 /* Build configuration list for PBXNativeTarget "cygnus_urg" */ = {
			isa = XCConfigurationList;
			buildConfigurations = (
				E4B69B600A3A1757003C02F2 /* Debug */,
				E4B69B610A3A1757003C02F2 /* Release */,
			);
			defaultConfigurationIsVisible = 0;
			defaultConfigurationName = Release;
		};
/* End XCConfigurationList section */
	};
	rootObject = E4B69B4C0A3A1720003C02F2 /* Project object */;
}
